// !$*UTF8*$!
{
	archiveVersion = 1;
	classes = {
	};
	objectVersion = 56;
	objects = {

/* Begin PBXBuildFile section */
		EF2D00B02A52F61A0077400F /* EditSavingsGoalsDetailsUIView.swift in Sources */ = {isa = PBXBuildFile; fileRef = EF2D00AF2A52F61A0077400F /* EditSavingsGoalsDetailsUIView.swift */; };
		EF2D00B22A52F6690077400F /* EditSavingsSelectAccountUIView.swift in Sources */ = {isa = PBXBuildFile; fileRef = EF2D00B12A52F6690077400F /* EditSavingsSelectAccountUIView.swift */; };
		EF2D00B42A52F67B0077400F /* EditSavingMoneyBreakDownUIView.swift in Sources */ = {isa = PBXBuildFile; fileRef = EF2D00B32A52F67B0077400F /* EditSavingMoneyBreakDownUIView.swift */; };
		EF2D00B62A52F6A40077400F /* EditChartsUIView.swift in Sources */ = {isa = PBXBuildFile; fileRef = EF2D00B52A52F6A40077400F /* EditChartsUIView.swift */; };
		EF2D00B82A52F6B40077400F /* EditTransferUIView.swift in Sources */ = {isa = PBXBuildFile; fileRef = EF2D00B72A52F6B40077400F /* EditTransferUIView.swift */; };
		EF2D00BA2A52FA070077400F /* CreateGoalOne.swift in Sources */ = {isa = PBXBuildFile; fileRef = EF2D00B92A52FA070077400F /* CreateGoalOne.swift */; };
		EF2D00BC2A52FA110077400F /* CreateGoalTwo.swift in Sources */ = {isa = PBXBuildFile; fileRef = EF2D00BB2A52FA110077400F /* CreateGoalTwo.swift */; };
		EF2D00BE2A52FA1A0077400F /* CreateGoalThree.swift in Sources */ = {isa = PBXBuildFile; fileRef = EF2D00BD2A52FA1A0077400F /* CreateGoalThree.swift */; };
		EF3160512A5DAAD4000BB17E /* FirebaseAnalytics in Frameworks */ = {isa = PBXBuildFile; productRef = EF3160502A5DAAD4000BB17E /* FirebaseAnalytics */; };
		EF3160532A5DAAD4000BB17E /* FirebaseAnalyticsOnDeviceConversion in Frameworks */ = {isa = PBXBuildFile; productRef = EF3160522A5DAAD4000BB17E /* FirebaseAnalyticsOnDeviceConversion */; };
		EF3160552A5DAAD4000BB17E /* FirebaseAnalyticsSwift in Frameworks */ = {isa = PBXBuildFile; productRef = EF3160542A5DAAD4000BB17E /* FirebaseAnalyticsSwift */; };
		EF3160572A5DAAD4000BB17E /* FirebaseAnalyticsWithoutAdIdSupport in Frameworks */ = {isa = PBXBuildFile; productRef = EF3160562A5DAAD4000BB17E /* FirebaseAnalyticsWithoutAdIdSupport */; };
		EF3160592A5DAAD4000BB17E /* FirebaseAppCheck in Frameworks */ = {isa = PBXBuildFile; productRef = EF3160582A5DAAD4000BB17E /* FirebaseAppCheck */; };
		EF31605B2A5DAAD4000BB17E /* FirebaseAppDistribution-Beta in Frameworks */ = {isa = PBXBuildFile; productRef = EF31605A2A5DAAD4000BB17E /* FirebaseAppDistribution-Beta */; };
		EF31605D2A5DAAD4000BB17E /* FirebaseAuth in Frameworks */ = {isa = PBXBuildFile; productRef = EF31605C2A5DAAD4000BB17E /* FirebaseAuth */; };
		EF31605F2A5DAAD4000BB17E /* FirebaseAuthCombine-Community in Frameworks */ = {isa = PBXBuildFile; productRef = EF31605E2A5DAAD4000BB17E /* FirebaseAuthCombine-Community */; };
		EF3160612A5DAAD4000BB17E /* FirebaseCrashlytics in Frameworks */ = {isa = PBXBuildFile; productRef = EF3160602A5DAAD4000BB17E /* FirebaseCrashlytics */; };
		EF3160632A5DAAD4000BB17E /* FirebaseDatabase in Frameworks */ = {isa = PBXBuildFile; productRef = EF3160622A5DAAD4000BB17E /* FirebaseDatabase */; };
		EF3160652A5DAAD4000BB17E /* FirebaseDatabaseSwift in Frameworks */ = {isa = PBXBuildFile; productRef = EF3160642A5DAAD4000BB17E /* FirebaseDatabaseSwift */; };
		EF3160672A5DAAD4000BB17E /* FirebaseDynamicLinks in Frameworks */ = {isa = PBXBuildFile; productRef = EF3160662A5DAAD4000BB17E /* FirebaseDynamicLinks */; };
		EF3160692A5DAAD4000BB17E /* FirebaseFirestore in Frameworks */ = {isa = PBXBuildFile; productRef = EF3160682A5DAAD4000BB17E /* FirebaseFirestore */; };
		EF31606B2A5DAAD4000BB17E /* FirebaseFirestoreCombine-Community in Frameworks */ = {isa = PBXBuildFile; productRef = EF31606A2A5DAAD4000BB17E /* FirebaseFirestoreCombine-Community */; };
		EF31606D2A5DAAD4000BB17E /* FirebaseFirestoreSwift in Frameworks */ = {isa = PBXBuildFile; productRef = EF31606C2A5DAAD4000BB17E /* FirebaseFirestoreSwift */; };
		EF31606F2A5DAAD4000BB17E /* FirebaseFunctions in Frameworks */ = {isa = PBXBuildFile; productRef = EF31606E2A5DAAD4000BB17E /* FirebaseFunctions */; };
		EF3160712A5DAAD4000BB17E /* FirebaseFunctionsCombine-Community in Frameworks */ = {isa = PBXBuildFile; productRef = EF3160702A5DAAD4000BB17E /* FirebaseFunctionsCombine-Community */; };
		EF3160732A5DAAD4000BB17E /* FirebaseInAppMessaging-Beta in Frameworks */ = {isa = PBXBuildFile; productRef = EF3160722A5DAAD4000BB17E /* FirebaseInAppMessaging-Beta */; };
		EF3160752A5DAAD4000BB17E /* FirebaseInAppMessagingSwift-Beta in Frameworks */ = {isa = PBXBuildFile; productRef = EF3160742A5DAAD4000BB17E /* FirebaseInAppMessagingSwift-Beta */; };
		EF3160772A5DAAD4000BB17E /* FirebaseInstallations in Frameworks */ = {isa = PBXBuildFile; productRef = EF3160762A5DAAD4000BB17E /* FirebaseInstallations */; };
		EF3160792A5DAAD4000BB17E /* FirebaseMLModelDownloader in Frameworks */ = {isa = PBXBuildFile; productRef = EF3160782A5DAAD4000BB17E /* FirebaseMLModelDownloader */; };
		EF31607B2A5DAAD4000BB17E /* FirebaseMessaging in Frameworks */ = {isa = PBXBuildFile; productRef = EF31607A2A5DAAD4000BB17E /* FirebaseMessaging */; };
		EF31607D2A5DAAD4000BB17E /* FirebasePerformance in Frameworks */ = {isa = PBXBuildFile; productRef = EF31607C2A5DAAD4000BB17E /* FirebasePerformance */; };
		EF31607F2A5DAAD4000BB17E /* FirebaseRemoteConfig in Frameworks */ = {isa = PBXBuildFile; productRef = EF31607E2A5DAAD4000BB17E /* FirebaseRemoteConfig */; };
		EF3160812A5DAAD4000BB17E /* FirebaseRemoteConfigSwift in Frameworks */ = {isa = PBXBuildFile; productRef = EF3160802A5DAAD4000BB17E /* FirebaseRemoteConfigSwift */; };
		EF3160832A5DAAD4000BB17E /* FirebaseStorage in Frameworks */ = {isa = PBXBuildFile; productRef = EF3160822A5DAAD4000BB17E /* FirebaseStorage */; };
		EF3160852A5DAAD4000BB17E /* FirebaseStorageCombine-Community in Frameworks */ = {isa = PBXBuildFile; productRef = EF3160842A5DAAD4000BB17E /* FirebaseStorageCombine-Community */; };
		EF31608B2A617077000BB17E /* CreateUserViewController.swift in Sources */ = {isa = PBXBuildFile; fileRef = EF31608A2A617077000BB17E /* CreateUserViewController.swift */; };
		EF31608E2A617316000BB17E /* GoogleSignIn in Frameworks */ = {isa = PBXBuildFile; productRef = EF31608D2A617316000BB17E /* GoogleSignIn */; };
		EF3160902A617316000BB17E /* GoogleSignInSwift in Frameworks */ = {isa = PBXBuildFile; productRef = EF31608F2A617316000BB17E /* GoogleSignInSwift */; };
		EF3160952A617721000BB17E /* LoginViewModel.swift in Sources */ = {isa = PBXBuildFile; fileRef = EF3160942A617721000BB17E /* LoginViewModel.swift */; };
		EF3160992A618C2D000BB17E /* SDWebImage in Frameworks */ = {isa = PBXBuildFile; productRef = EF3160982A618C2D000BB17E /* SDWebImage */; };
		EF38ABAE2A697A2C000DBE12 /* CommonUIView.swift in Sources */ = {isa = PBXBuildFile; fileRef = EF38ABAD2A697A2C000DBE12 /* CommonUIView.swift */; };
		EF3AB2232A6B1B5400AB4B3A /* CreateUserViewModel.swift in Sources */ = {isa = PBXBuildFile; fileRef = EF3AB2222A6B1B5400AB4B3A /* CreateUserViewModel.swift */; };
		EF3AB2252A6B2E7800AB4B3A /* FirebaseStorageManager.swift in Sources */ = {isa = PBXBuildFile; fileRef = EF3AB2242A6B2E7800AB4B3A /* FirebaseStorageManager.swift */; };
		EF3AB2272A6B31FE00AB4B3A /* FirebaseDatabaseManager.swift in Sources */ = {isa = PBXBuildFile; fileRef = EF3AB2262A6B31FE00AB4B3A /* FirebaseDatabaseManager.swift */; };
		EF3AB2292A6B3E2000AB4B3A /* Users.swift in Sources */ = {isa = PBXBuildFile; fileRef = EF3AB2282A6B3E2000AB4B3A /* Users.swift */; };
		EF3AB22B2A6C755700AB4B3A /* FirebaseAccountManager.swift in Sources */ = {isa = PBXBuildFile; fileRef = EF3AB22A2A6C755700AB4B3A /* FirebaseAccountManager.swift */; };
		EF3AB2302A6C7F7100AB4B3A /* MainViewModel.swift in Sources */ = {isa = PBXBuildFile; fileRef = EF3AB22F2A6C7F7100AB4B3A /* MainViewModel.swift */; };
		EF3AB2322A6C80FA00AB4B3A /* MainDataSource.swift in Sources */ = {isa = PBXBuildFile; fileRef = EF3AB2312A6C80FA00AB4B3A /* MainDataSource.swift */; };
		EF3AB2342A6C85F500AB4B3A /* GoogleService-Info.plist in Resources */ = {isa = PBXBuildFile; fileRef = EF3AB2332A6C85F500AB4B3A /* GoogleService-Info.plist */; };
		EF4C4D902A4F094E00D06B56 /* ChartsManager.swift in Sources */ = {isa = PBXBuildFile; fileRef = EF4C4D8F2A4F094E00D06B56 /* ChartsManager.swift */; };
		EF4C4D942A4F09FE00D06B56 /* DGCharts in Frameworks */ = {isa = PBXBuildFile; productRef = EF4C4D932A4F09FE00D06B56 /* DGCharts */; };
		EF4C4D9D2A4F19B700D06B56 /* ActiveGoalsUIView.swift in Sources */ = {isa = PBXBuildFile; fileRef = EF4C4D9C2A4F19B700D06B56 /* ActiveGoalsUIView.swift */; };
		EF4C4D9F2A4F1A7A00D06B56 /* SpendingGoalsCollectionViewCell.swift in Sources */ = {isa = PBXBuildFile; fileRef = EF4C4D9E2A4F1A7A00D06B56 /* SpendingGoalsCollectionViewCell.swift */; };
		EF4C4DA12A4F1F7F00D06B56 /* TotalSpendUIView.swift in Sources */ = {isa = PBXBuildFile; fileRef = EF4C4DA02A4F1F7F00D06B56 /* TotalSpendUIView.swift */; };
		EF4C4DA42A4F4A8D00D06B56 /* DateUIView.swift in Sources */ = {isa = PBXBuildFile; fileRef = EF4C4DA32A4F4A8D00D06B56 /* DateUIView.swift */; };
		EF4C4DA62A4F4A9700D06B56 /* DonutChartsUIView.swift in Sources */ = {isa = PBXBuildFile; fileRef = EF4C4DA52A4F4A9700D06B56 /* DonutChartsUIView.swift */; };
		EF4C4DA82A4F4AA400D06B56 /* CategoryListUIView.swift in Sources */ = {isa = PBXBuildFile; fileRef = EF4C4DA72A4F4AA400D06B56 /* CategoryListUIView.swift */; };
		EF4C4DAA2A4F4F0F00D06B56 /* CategoryCollectionViewCell.swift in Sources */ = {isa = PBXBuildFile; fileRef = EF4C4DA92A4F4F0E00D06B56 /* CategoryCollectionViewCell.swift */; };
		EF4C4DAD2A4F59BA00D06B56 /* VerticalAccountTransfersUIView.swift in Sources */ = {isa = PBXBuildFile; fileRef = EF4C4DAC2A4F59BA00D06B56 /* VerticalAccountTransfersUIView.swift */; };
		EF4C4DAF2A4F59FC00D06B56 /* HorizontalAccountTransfersUIView.swift in Sources */ = {isa = PBXBuildFile; fileRef = EF4C4DAE2A4F59FC00D06B56 /* HorizontalAccountTransfersUIView.swift */; };
		EF4C4DB12A4F5A0B00D06B56 /* RecentReicipientsTransferUIView.swift in Sources */ = {isa = PBXBuildFile; fileRef = EF4C4DB02A4F5A0B00D06B56 /* RecentReicipientsTransferUIView.swift */; };
		EF4C4DB32A4F630400D06B56 /* TransferCollectionViewCell.swift in Sources */ = {isa = PBXBuildFile; fileRef = EF4C4DB22A4F630400D06B56 /* TransferCollectionViewCell.swift */; };
		EF4C4DB62A4F66AB00D06B56 /* PayUView.swift in Sources */ = {isa = PBXBuildFile; fileRef = EF4C4DB52A4F66AB00D06B56 /* PayUView.swift */; };
		EF4C4DB82A4F66B500D06B56 /* ActivityUIView.swift in Sources */ = {isa = PBXBuildFile; fileRef = EF4C4DB72A4F66B500D06B56 /* ActivityUIView.swift */; };
		EF4C4DBA2A4F677000D06B56 /* PayeesCollectionViewCell.swift in Sources */ = {isa = PBXBuildFile; fileRef = EF4C4DB92A4F677000D06B56 /* PayeesCollectionViewCell.swift */; };
		EF4C4DBD2A504D6100D06B56 /* PinnedReicipientsUIView.swift in Sources */ = {isa = PBXBuildFile; fileRef = EF4C4DBC2A504D6100D06B56 /* PinnedReicipientsUIView.swift */; };
		EF4C4DBF2A504ED100D06B56 /* RecentRecipientsUIView.swift in Sources */ = {isa = PBXBuildFile; fileRef = EF4C4DBE2A504ED100D06B56 /* RecentRecipientsUIView.swift */; };
		EF4C4DC12A50502000D06B56 /* PinnedRecipientsCollectionViewCell.swift in Sources */ = {isa = PBXBuildFile; fileRef = EF4C4DC02A50502000D06B56 /* PinnedRecipientsCollectionViewCell.swift */; };
		EF4C4DC32A5050A500D06B56 /* TransActionsCollectionViewCell.swift in Sources */ = {isa = PBXBuildFile; fileRef = EF4C4DC22A5050A500D06B56 /* TransActionsCollectionViewCell.swift */; };
		EF4C4DC52A5050DD00D06B56 /* TransActionsUIView.swift in Sources */ = {isa = PBXBuildFile; fileRef = EF4C4DC42A5050DD00D06B56 /* TransActionsUIView.swift */; };
		EF4C4DC82A519FDC00D06B56 /* ProfileEditUIView.swift in Sources */ = {isa = PBXBuildFile; fileRef = EF4C4DC72A519FDC00D06B56 /* ProfileEditUIView.swift */; };
		EF4C4DCA2A51A60B00D06B56 /* MyInformationUIView.swift in Sources */ = {isa = PBXBuildFile; fileRef = EF4C4DC92A51A60B00D06B56 /* MyInformationUIView.swift */; };
		EF4C4DCC2A51A61900D06B56 /* MyAccountsUIView.swift in Sources */ = {isa = PBXBuildFile; fileRef = EF4C4DCB2A51A61900D06B56 /* MyAccountsUIView.swift */; };
		EF4C4DD02A51E4EB00D06B56 /* GoalsDetailsViewController.swift in Sources */ = {isa = PBXBuildFile; fileRef = EF4C4DCF2A51E4EB00D06B56 /* GoalsDetailsViewController.swift */; };
		EF4C4DD42A51E5B300D06B56 /* GoalsDetailChartsUIView.swift in Sources */ = {isa = PBXBuildFile; fileRef = EF4C4DD32A51E5B300D06B56 /* GoalsDetailChartsUIView.swift */; };
		EF4C4DD62A51E60900D06B56 /* GoalsDetailUIView.swift in Sources */ = {isa = PBXBuildFile; fileRef = EF4C4DD52A51E60900D06B56 /* GoalsDetailUIView.swift */; };
		EF4C4DD82A51E62000D06B56 /* GoalsMoneyBreakdownUIView.swift in Sources */ = {isa = PBXBuildFile; fileRef = EF4C4DD72A51E62000D06B56 /* GoalsMoneyBreakdownUIView.swift */; };
		EF4C4DDA2A51E64300D06B56 /* GoalsAutoDepositUIView.swift in Sources */ = {isa = PBXBuildFile; fileRef = EF4C4DD92A51E64300D06B56 /* GoalsAutoDepositUIView.swift */; };
		EF9684292A4DB52B0020D86C /* AppDelegate.swift in Sources */ = {isa = PBXBuildFile; fileRef = EF9684282A4DB52B0020D86C /* AppDelegate.swift */; };
		EF96842B2A4DB52B0020D86C /* SceneDelegate.swift in Sources */ = {isa = PBXBuildFile; fileRef = EF96842A2A4DB52B0020D86C /* SceneDelegate.swift */; };
		EF9684322A4DB52C0020D86C /* Assets.xcassets in Resources */ = {isa = PBXBuildFile; fileRef = EF9684312A4DB52C0020D86C /* Assets.xcassets */; };
		EF9684352A4DB52C0020D86C /* LaunchScreen.storyboard in Resources */ = {isa = PBXBuildFile; fileRef = EF9684332A4DB52C0020D86C /* LaunchScreen.storyboard */; };
		EF96844F2A4DB68E0020D86C /* SplashViewController.swift in Sources */ = {isa = PBXBuildFile; fileRef = EF96844E2A4DB68E0020D86C /* SplashViewController.swift */; };
		EF9684512A4DB69B0020D86C /* MainViewController.swift in Sources */ = {isa = PBXBuildFile; fileRef = EF9684502A4DB69B0020D86C /* MainViewController.swift */; };
		EF9684532A4DB6AC0020D86C /* MainDashboradUIView.swift in Sources */ = {isa = PBXBuildFile; fileRef = EF9684522A4DB6AC0020D86C /* MainDashboradUIView.swift */; };
		EF9684552A4DB6B90020D86C /* MainGoalsUIView.swift in Sources */ = {isa = PBXBuildFile; fileRef = EF9684542A4DB6B90020D86C /* MainGoalsUIView.swift */; };
		EF9684572A4DB6C70020D86C /* MainSpendAnalysisUIView.swift in Sources */ = {isa = PBXBuildFile; fileRef = EF9684562A4DB6C70020D86C /* MainSpendAnalysisUIView.swift */; };
		EF9684592A4DB6D40020D86C /* MainTransferUIView.swift in Sources */ = {isa = PBXBuildFile; fileRef = EF9684582A4DB6D40020D86C /* MainTransferUIView.swift */; };
		EF96845B2A4DB6E40020D86C /* MainPayBillsUIView.swift in Sources */ = {isa = PBXBuildFile; fileRef = EF96845A2A4DB6E40020D86C /* MainPayBillsUIView.swift */; };
		EF96845D2A4DB6ED0020D86C /* MainDepositCheckUIView.swift in Sources */ = {isa = PBXBuildFile; fileRef = EF96845C2A4DB6ED0020D86C /* MainDepositCheckUIView.swift */; };
		EF96845F2A4DB6F70020D86C /* MainRecipientsUIView.swift in Sources */ = {isa = PBXBuildFile; fileRef = EF96845E2A4DB6F70020D86C /* MainRecipientsUIView.swift */; };
		EF9684612A4DB7040020D86C /* MainProfileUIView.swift in Sources */ = {isa = PBXBuildFile; fileRef = EF9684602A4DB7040020D86C /* MainProfileUIView.swift */; };
		EF9684632A4DB70D0020D86C /* MainSupportUIView.swift in Sources */ = {isa = PBXBuildFile; fileRef = EF9684622A4DB70D0020D86C /* MainSupportUIView.swift */; };
		EF9684652A4DB7160020D86C /* MainSettingsUIView.swift in Sources */ = {isa = PBXBuildFile; fileRef = EF9684642A4DB7160020D86C /* MainSettingsUIView.swift */; };
		EF9684672A4DB71F0020D86C /* LoginViewController.swift in Sources */ = {isa = PBXBuildFile; fileRef = EF9684662A4DB71F0020D86C /* LoginViewController.swift */; };
		EF96846A2A4DB7580020D86C /* SideBarTableViewCell.swift in Sources */ = {isa = PBXBuildFile; fileRef = EF9684692A4DB7580020D86C /* SideBarTableViewCell.swift */; };
		EF96846C2A4DB76E0020D86C /* BankingCollectionViewCell.swift in Sources */ = {isa = PBXBuildFile; fileRef = EF96846B2A4DB76D0020D86C /* BankingCollectionViewCell.swift */; };
		EF96846E2A4DB7790020D86C /* CreditUICollectionViewCell.swift in Sources */ = {isa = PBXBuildFile; fileRef = EF96846D2A4DB7790020D86C /* CreditUICollectionViewCell.swift */; };
		EF9684702A4DB78F0020D86C /* SavingsGoalsCollectionViewCell.swift in Sources */ = {isa = PBXBuildFile; fileRef = EF96846F2A4DB78F0020D86C /* SavingsGoalsCollectionViewCell.swift */; };
		EF9684772A4DB7EC0020D86C /* SideBarUIView.swift in Sources */ = {isa = PBXBuildFile; fileRef = EF9684762A4DB7EC0020D86C /* SideBarUIView.swift */; };
		EF9684792A4DB7FA0020D86C /* QuickActionsUIView.swift in Sources */ = {isa = PBXBuildFile; fileRef = EF9684782A4DB7FA0020D86C /* QuickActionsUIView.swift */; };
		EF96847B2A4DB8050020D86C /* BankingUIView.swift in Sources */ = {isa = PBXBuildFile; fileRef = EF96847A2A4DB8050020D86C /* BankingUIView.swift */; };
		EF96847D2A4DB80E0020D86C /* CreditUIView.swift in Sources */ = {isa = PBXBuildFile; fileRef = EF96847C2A4DB80E0020D86C /* CreditUIView.swift */; };
		EF96847F2A4DB81B0020D86C /* SavingsGoalsUIView.swift in Sources */ = {isa = PBXBuildFile; fileRef = EF96847E2A4DB81B0020D86C /* SavingsGoalsUIView.swift */; };
		EF9684812A4DB82D0020D86C /* PinnedGoalsUIView.swift in Sources */ = {isa = PBXBuildFile; fileRef = EF9684802A4DB82D0020D86C /* PinnedGoalsUIView.swift */; };
		EF9684832A4DB8350020D86C /* GoalsUIView.swift in Sources */ = {isa = PBXBuildFile; fileRef = EF9684822A4DB8350020D86C /* GoalsUIView.swift */; };
		EF9684852A4DB8570020D86C /* SideBarSection.swift in Sources */ = {isa = PBXBuildFile; fileRef = EF9684842A4DB8570020D86C /* SideBarSection.swift */; };
		EF9684872A4DB86A0020D86C /* Extension+CGFloat.swift in Sources */ = {isa = PBXBuildFile; fileRef = EF9684862A4DB86A0020D86C /* Extension+CGFloat.swift */; };
		EF9684892A4DB8720020D86C /* Extension+Textfield.swift in Sources */ = {isa = PBXBuildFile; fileRef = EF9684882A4DB8720020D86C /* Extension+Textfield.swift */; };
		EF96848B2A4DB87B0020D86C /* Extension+Cells.swift in Sources */ = {isa = PBXBuildFile; fileRef = EF96848A2A4DB87B0020D86C /* Extension+Cells.swift */; };
		EF96848D2A4DB8870020D86C /* Extension+ViewController.swift in Sources */ = {isa = PBXBuildFile; fileRef = EF96848C2A4DB8870020D86C /* Extension+ViewController.swift */; };
		EFA3C0D62A5445800067E2FB /* EditGoalViewController.swift in Sources */ = {isa = PBXBuildFile; fileRef = EFA3C0D52A5445800067E2FB /* EditGoalViewController.swift */; };
		EFA3C0D82A54458C0067E2FB /* CreateGoalViewController.swift in Sources */ = {isa = PBXBuildFile; fileRef = EFA3C0D72A54458C0067E2FB /* CreateGoalViewController.swift */; };
		EFA3C0DA2A544FE50067E2FB /* CreateGoalSection.swift in Sources */ = {isa = PBXBuildFile; fileRef = EFA3C0D92A544FE50067E2FB /* CreateGoalSection.swift */; };
		EFA3C0DC2A5454A60067E2FB /* MainCreateGoal.swift in Sources */ = {isa = PBXBuildFile; fileRef = EFA3C0DB2A5454A60067E2FB /* MainCreateGoal.swift */; };
		EFD442A22A585B10005DB172 /* QuickActionsCollectionViewCell.swift in Sources */ = {isa = PBXBuildFile; fileRef = EFD442A12A585B10005DB172 /* QuickActionsCollectionViewCell.swift */; };
/* End PBXBuildFile section */

/* Begin PBXCopyFilesBuildPhase section */
		EF4C4D9A2A4F0B5800D06B56 /* Embed Frameworks */ = {
			isa = PBXCopyFilesBuildPhase;
			buildActionMask = 2147483647;
			dstPath = "";
			dstSubfolderSpec = 10;
			files = (
			);
			name = "Embed Frameworks";
			runOnlyForDeploymentPostprocessing = 0;
		};
/* End PBXCopyFilesBuildPhase section */

/* Begin PBXFileReference section */
		EF2D00AF2A52F61A0077400F /* EditSavingsGoalsDetailsUIView.swift */ = {isa = PBXFileReference; lastKnownFileType = sourcecode.swift; path = EditSavingsGoalsDetailsUIView.swift; sourceTree = "<group>"; };
		EF2D00B12A52F6690077400F /* EditSavingsSelectAccountUIView.swift */ = {isa = PBXFileReference; lastKnownFileType = sourcecode.swift; path = EditSavingsSelectAccountUIView.swift; sourceTree = "<group>"; };
		EF2D00B32A52F67B0077400F /* EditSavingMoneyBreakDownUIView.swift */ = {isa = PBXFileReference; lastKnownFileType = sourcecode.swift; path = EditSavingMoneyBreakDownUIView.swift; sourceTree = "<group>"; };
		EF2D00B52A52F6A40077400F /* EditChartsUIView.swift */ = {isa = PBXFileReference; lastKnownFileType = sourcecode.swift; path = EditChartsUIView.swift; sourceTree = "<group>"; };
		EF2D00B72A52F6B40077400F /* EditTransferUIView.swift */ = {isa = PBXFileReference; lastKnownFileType = sourcecode.swift; path = EditTransferUIView.swift; sourceTree = "<group>"; };
		EF2D00B92A52FA070077400F /* CreateGoalOne.swift */ = {isa = PBXFileReference; lastKnownFileType = sourcecode.swift; path = CreateGoalOne.swift; sourceTree = "<group>"; };
		EF2D00BB2A52FA110077400F /* CreateGoalTwo.swift */ = {isa = PBXFileReference; lastKnownFileType = sourcecode.swift; path = CreateGoalTwo.swift; sourceTree = "<group>"; };
		EF2D00BD2A52FA1A0077400F /* CreateGoalThree.swift */ = {isa = PBXFileReference; lastKnownFileType = sourcecode.swift; path = CreateGoalThree.swift; sourceTree = "<group>"; };
		EF31608A2A617077000BB17E /* CreateUserViewController.swift */ = {isa = PBXFileReference; lastKnownFileType = sourcecode.swift; path = CreateUserViewController.swift; sourceTree = "<group>"; };
		EF3160942A617721000BB17E /* LoginViewModel.swift */ = {isa = PBXFileReference; lastKnownFileType = sourcecode.swift; path = LoginViewModel.swift; sourceTree = "<group>"; };
		EF38ABAD2A697A2C000DBE12 /* CommonUIView.swift */ = {isa = PBXFileReference; lastKnownFileType = sourcecode.swift; path = CommonUIView.swift; sourceTree = "<group>"; };
		EF3AB2222A6B1B5400AB4B3A /* CreateUserViewModel.swift */ = {isa = PBXFileReference; lastKnownFileType = sourcecode.swift; path = CreateUserViewModel.swift; sourceTree = "<group>"; };
		EF3AB2242A6B2E7800AB4B3A /* FirebaseStorageManager.swift */ = {isa = PBXFileReference; lastKnownFileType = sourcecode.swift; path = FirebaseStorageManager.swift; sourceTree = "<group>"; };
		EF3AB2262A6B31FE00AB4B3A /* FirebaseDatabaseManager.swift */ = {isa = PBXFileReference; lastKnownFileType = sourcecode.swift; path = FirebaseDatabaseManager.swift; sourceTree = "<group>"; };
		EF3AB2282A6B3E2000AB4B3A /* Users.swift */ = {isa = PBXFileReference; lastKnownFileType = sourcecode.swift; path = Users.swift; sourceTree = "<group>"; };
		EF3AB22A2A6C755700AB4B3A /* FirebaseAccountManager.swift */ = {isa = PBXFileReference; lastKnownFileType = sourcecode.swift; path = FirebaseAccountManager.swift; sourceTree = "<group>"; };
		EF3AB22F2A6C7F7100AB4B3A /* MainViewModel.swift */ = {isa = PBXFileReference; lastKnownFileType = sourcecode.swift; path = MainViewModel.swift; sourceTree = "<group>"; };
		EF3AB2312A6C80FA00AB4B3A /* MainDataSource.swift */ = {isa = PBXFileReference; lastKnownFileType = sourcecode.swift; path = MainDataSource.swift; sourceTree = "<group>"; };
		EF3AB2332A6C85F500AB4B3A /* GoogleService-Info.plist */ = {isa = PBXFileReference; fileEncoding = 4; lastKnownFileType = text.plist.xml; path = "GoogleService-Info.plist"; sourceTree = "<group>"; };
		EF4C4D8F2A4F094E00D06B56 /* ChartsManager.swift */ = {isa = PBXFileReference; lastKnownFileType = sourcecode.swift; path = ChartsManager.swift; sourceTree = "<group>"; };
		EF4C4D9C2A4F19B700D06B56 /* ActiveGoalsUIView.swift */ = {isa = PBXFileReference; lastKnownFileType = sourcecode.swift; path = ActiveGoalsUIView.swift; sourceTree = "<group>"; };
		EF4C4D9E2A4F1A7A00D06B56 /* SpendingGoalsCollectionViewCell.swift */ = {isa = PBXFileReference; lastKnownFileType = sourcecode.swift; path = SpendingGoalsCollectionViewCell.swift; sourceTree = "<group>"; };
		EF4C4DA02A4F1F7F00D06B56 /* TotalSpendUIView.swift */ = {isa = PBXFileReference; lastKnownFileType = sourcecode.swift; path = TotalSpendUIView.swift; sourceTree = "<group>"; };
		EF4C4DA32A4F4A8D00D06B56 /* DateUIView.swift */ = {isa = PBXFileReference; lastKnownFileType = sourcecode.swift; path = DateUIView.swift; sourceTree = "<group>"; };
		EF4C4DA52A4F4A9700D06B56 /* DonutChartsUIView.swift */ = {isa = PBXFileReference; lastKnownFileType = sourcecode.swift; path = DonutChartsUIView.swift; sourceTree = "<group>"; };
		EF4C4DA72A4F4AA400D06B56 /* CategoryListUIView.swift */ = {isa = PBXFileReference; lastKnownFileType = sourcecode.swift; path = CategoryListUIView.swift; sourceTree = "<group>"; };
		EF4C4DA92A4F4F0E00D06B56 /* CategoryCollectionViewCell.swift */ = {isa = PBXFileReference; lastKnownFileType = sourcecode.swift; path = CategoryCollectionViewCell.swift; sourceTree = "<group>"; };
		EF4C4DAC2A4F59BA00D06B56 /* VerticalAccountTransfersUIView.swift */ = {isa = PBXFileReference; lastKnownFileType = sourcecode.swift; path = VerticalAccountTransfersUIView.swift; sourceTree = "<group>"; };
		EF4C4DAE2A4F59FC00D06B56 /* HorizontalAccountTransfersUIView.swift */ = {isa = PBXFileReference; lastKnownFileType = sourcecode.swift; path = HorizontalAccountTransfersUIView.swift; sourceTree = "<group>"; };
		EF4C4DB02A4F5A0B00D06B56 /* RecentReicipientsTransferUIView.swift */ = {isa = PBXFileReference; lastKnownFileType = sourcecode.swift; path = RecentReicipientsTransferUIView.swift; sourceTree = "<group>"; };
		EF4C4DB22A4F630400D06B56 /* TransferCollectionViewCell.swift */ = {isa = PBXFileReference; lastKnownFileType = sourcecode.swift; path = TransferCollectionViewCell.swift; sourceTree = "<group>"; };
		EF4C4DB52A4F66AB00D06B56 /* PayUView.swift */ = {isa = PBXFileReference; lastKnownFileType = sourcecode.swift; path = PayUView.swift; sourceTree = "<group>"; };
		EF4C4DB72A4F66B500D06B56 /* ActivityUIView.swift */ = {isa = PBXFileReference; lastKnownFileType = sourcecode.swift; path = ActivityUIView.swift; sourceTree = "<group>"; };
		EF4C4DB92A4F677000D06B56 /* PayeesCollectionViewCell.swift */ = {isa = PBXFileReference; lastKnownFileType = sourcecode.swift; path = PayeesCollectionViewCell.swift; sourceTree = "<group>"; };
		EF4C4DBC2A504D6100D06B56 /* PinnedReicipientsUIView.swift */ = {isa = PBXFileReference; lastKnownFileType = sourcecode.swift; path = PinnedReicipientsUIView.swift; sourceTree = "<group>"; };
		EF4C4DBE2A504ED100D06B56 /* RecentRecipientsUIView.swift */ = {isa = PBXFileReference; lastKnownFileType = sourcecode.swift; path = RecentRecipientsUIView.swift; sourceTree = "<group>"; };
		EF4C4DC02A50502000D06B56 /* PinnedRecipientsCollectionViewCell.swift */ = {isa = PBXFileReference; lastKnownFileType = sourcecode.swift; path = PinnedRecipientsCollectionViewCell.swift; sourceTree = "<group>"; };
		EF4C4DC22A5050A500D06B56 /* TransActionsCollectionViewCell.swift */ = {isa = PBXFileReference; lastKnownFileType = sourcecode.swift; path = TransActionsCollectionViewCell.swift; sourceTree = "<group>"; };
		EF4C4DC42A5050DD00D06B56 /* TransActionsUIView.swift */ = {isa = PBXFileReference; lastKnownFileType = sourcecode.swift; path = TransActionsUIView.swift; sourceTree = "<group>"; };
		EF4C4DC72A519FDC00D06B56 /* ProfileEditUIView.swift */ = {isa = PBXFileReference; lastKnownFileType = sourcecode.swift; path = ProfileEditUIView.swift; sourceTree = "<group>"; };
		EF4C4DC92A51A60B00D06B56 /* MyInformationUIView.swift */ = {isa = PBXFileReference; lastKnownFileType = sourcecode.swift; path = MyInformationUIView.swift; sourceTree = "<group>"; };
		EF4C4DCB2A51A61900D06B56 /* MyAccountsUIView.swift */ = {isa = PBXFileReference; lastKnownFileType = sourcecode.swift; path = MyAccountsUIView.swift; sourceTree = "<group>"; };
		EF4C4DCF2A51E4EB00D06B56 /* GoalsDetailsViewController.swift */ = {isa = PBXFileReference; lastKnownFileType = sourcecode.swift; path = GoalsDetailsViewController.swift; sourceTree = "<group>"; };
		EF4C4DD32A51E5B300D06B56 /* GoalsDetailChartsUIView.swift */ = {isa = PBXFileReference; lastKnownFileType = sourcecode.swift; path = GoalsDetailChartsUIView.swift; sourceTree = "<group>"; };
		EF4C4DD52A51E60900D06B56 /* GoalsDetailUIView.swift */ = {isa = PBXFileReference; lastKnownFileType = sourcecode.swift; path = GoalsDetailUIView.swift; sourceTree = "<group>"; };
		EF4C4DD72A51E62000D06B56 /* GoalsMoneyBreakdownUIView.swift */ = {isa = PBXFileReference; lastKnownFileType = sourcecode.swift; path = GoalsMoneyBreakdownUIView.swift; sourceTree = "<group>"; };
		EF4C4DD92A51E64300D06B56 /* GoalsAutoDepositUIView.swift */ = {isa = PBXFileReference; lastKnownFileType = sourcecode.swift; path = GoalsAutoDepositUIView.swift; sourceTree = "<group>"; };
		EF9684252A4DB52B0020D86C /* SpenderApp.app */ = {isa = PBXFileReference; explicitFileType = wrapper.application; includeInIndex = 0; path = SpenderApp.app; sourceTree = BUILT_PRODUCTS_DIR; };
		EF9684282A4DB52B0020D86C /* AppDelegate.swift */ = {isa = PBXFileReference; lastKnownFileType = sourcecode.swift; path = AppDelegate.swift; sourceTree = "<group>"; };
		EF96842A2A4DB52B0020D86C /* SceneDelegate.swift */ = {isa = PBXFileReference; lastKnownFileType = sourcecode.swift; path = SceneDelegate.swift; sourceTree = "<group>"; };
		EF9684312A4DB52C0020D86C /* Assets.xcassets */ = {isa = PBXFileReference; lastKnownFileType = folder.assetcatalog; path = Assets.xcassets; sourceTree = "<group>"; };
		EF9684342A4DB52C0020D86C /* Base */ = {isa = PBXFileReference; lastKnownFileType = file.storyboard; name = Base; path = Base.lproj/LaunchScreen.storyboard; sourceTree = "<group>"; };
		EF9684362A4DB52C0020D86C /* Info.plist */ = {isa = PBXFileReference; lastKnownFileType = text.plist.xml; path = Info.plist; sourceTree = "<group>"; };
		EF96844E2A4DB68E0020D86C /* SplashViewController.swift */ = {isa = PBXFileReference; lastKnownFileType = sourcecode.swift; path = SplashViewController.swift; sourceTree = "<group>"; };
		EF9684502A4DB69B0020D86C /* MainViewController.swift */ = {isa = PBXFileReference; lastKnownFileType = sourcecode.swift; path = MainViewController.swift; sourceTree = "<group>"; };
		EF9684522A4DB6AC0020D86C /* MainDashboradUIView.swift */ = {isa = PBXFileReference; lastKnownFileType = sourcecode.swift; path = MainDashboradUIView.swift; sourceTree = "<group>"; };
		EF9684542A4DB6B90020D86C /* MainGoalsUIView.swift */ = {isa = PBXFileReference; lastKnownFileType = sourcecode.swift; path = MainGoalsUIView.swift; sourceTree = "<group>"; };
		EF9684562A4DB6C70020D86C /* MainSpendAnalysisUIView.swift */ = {isa = PBXFileReference; lastKnownFileType = sourcecode.swift; path = MainSpendAnalysisUIView.swift; sourceTree = "<group>"; };
		EF9684582A4DB6D40020D86C /* MainTransferUIView.swift */ = {isa = PBXFileReference; lastKnownFileType = sourcecode.swift; path = MainTransferUIView.swift; sourceTree = "<group>"; };
		EF96845A2A4DB6E40020D86C /* MainPayBillsUIView.swift */ = {isa = PBXFileReference; lastKnownFileType = sourcecode.swift; path = MainPayBillsUIView.swift; sourceTree = "<group>"; };
		EF96845C2A4DB6ED0020D86C /* MainDepositCheckUIView.swift */ = {isa = PBXFileReference; lastKnownFileType = sourcecode.swift; path = MainDepositCheckUIView.swift; sourceTree = "<group>"; };
		EF96845E2A4DB6F70020D86C /* MainRecipientsUIView.swift */ = {isa = PBXFileReference; lastKnownFileType = sourcecode.swift; path = MainRecipientsUIView.swift; sourceTree = "<group>"; };
		EF9684602A4DB7040020D86C /* MainProfileUIView.swift */ = {isa = PBXFileReference; lastKnownFileType = sourcecode.swift; path = MainProfileUIView.swift; sourceTree = "<group>"; };
		EF9684622A4DB70D0020D86C /* MainSupportUIView.swift */ = {isa = PBXFileReference; lastKnownFileType = sourcecode.swift; path = MainSupportUIView.swift; sourceTree = "<group>"; };
		EF9684642A4DB7160020D86C /* MainSettingsUIView.swift */ = {isa = PBXFileReference; lastKnownFileType = sourcecode.swift; path = MainSettingsUIView.swift; sourceTree = "<group>"; };
		EF9684662A4DB71F0020D86C /* LoginViewController.swift */ = {isa = PBXFileReference; lastKnownFileType = sourcecode.swift; path = LoginViewController.swift; sourceTree = "<group>"; };
		EF9684692A4DB7580020D86C /* SideBarTableViewCell.swift */ = {isa = PBXFileReference; lastKnownFileType = sourcecode.swift; path = SideBarTableViewCell.swift; sourceTree = "<group>"; };
		EF96846B2A4DB76D0020D86C /* BankingCollectionViewCell.swift */ = {isa = PBXFileReference; lastKnownFileType = sourcecode.swift; path = BankingCollectionViewCell.swift; sourceTree = "<group>"; };
		EF96846D2A4DB7790020D86C /* CreditUICollectionViewCell.swift */ = {isa = PBXFileReference; lastKnownFileType = sourcecode.swift; path = CreditUICollectionViewCell.swift; sourceTree = "<group>"; };
		EF96846F2A4DB78F0020D86C /* SavingsGoalsCollectionViewCell.swift */ = {isa = PBXFileReference; lastKnownFileType = sourcecode.swift; path = SavingsGoalsCollectionViewCell.swift; sourceTree = "<group>"; };
		EF9684762A4DB7EC0020D86C /* SideBarUIView.swift */ = {isa = PBXFileReference; lastKnownFileType = sourcecode.swift; path = SideBarUIView.swift; sourceTree = "<group>"; };
		EF9684782A4DB7FA0020D86C /* QuickActionsUIView.swift */ = {isa = PBXFileReference; lastKnownFileType = sourcecode.swift; path = QuickActionsUIView.swift; sourceTree = "<group>"; };
		EF96847A2A4DB8050020D86C /* BankingUIView.swift */ = {isa = PBXFileReference; lastKnownFileType = sourcecode.swift; path = BankingUIView.swift; sourceTree = "<group>"; };
		EF96847C2A4DB80E0020D86C /* CreditUIView.swift */ = {isa = PBXFileReference; lastKnownFileType = sourcecode.swift; path = CreditUIView.swift; sourceTree = "<group>"; };
		EF96847E2A4DB81B0020D86C /* SavingsGoalsUIView.swift */ = {isa = PBXFileReference; lastKnownFileType = sourcecode.swift; path = SavingsGoalsUIView.swift; sourceTree = "<group>"; };
		EF9684802A4DB82D0020D86C /* PinnedGoalsUIView.swift */ = {isa = PBXFileReference; lastKnownFileType = sourcecode.swift; path = PinnedGoalsUIView.swift; sourceTree = "<group>"; };
		EF9684822A4DB8350020D86C /* GoalsUIView.swift */ = {isa = PBXFileReference; lastKnownFileType = sourcecode.swift; path = GoalsUIView.swift; sourceTree = "<group>"; };
		EF9684842A4DB8570020D86C /* SideBarSection.swift */ = {isa = PBXFileReference; lastKnownFileType = sourcecode.swift; path = SideBarSection.swift; sourceTree = "<group>"; };
		EF9684862A4DB86A0020D86C /* Extension+CGFloat.swift */ = {isa = PBXFileReference; lastKnownFileType = sourcecode.swift; path = "Extension+CGFloat.swift"; sourceTree = "<group>"; };
		EF9684882A4DB8720020D86C /* Extension+Textfield.swift */ = {isa = PBXFileReference; lastKnownFileType = sourcecode.swift; path = "Extension+Textfield.swift"; sourceTree = "<group>"; };
		EF96848A2A4DB87B0020D86C /* Extension+Cells.swift */ = {isa = PBXFileReference; lastKnownFileType = sourcecode.swift; path = "Extension+Cells.swift"; sourceTree = "<group>"; };
		EF96848C2A4DB8870020D86C /* Extension+ViewController.swift */ = {isa = PBXFileReference; lastKnownFileType = sourcecode.swift; path = "Extension+ViewController.swift"; sourceTree = "<group>"; };
		EFA3C0D52A5445800067E2FB /* EditGoalViewController.swift */ = {isa = PBXFileReference; lastKnownFileType = sourcecode.swift; path = EditGoalViewController.swift; sourceTree = "<group>"; };
		EFA3C0D72A54458C0067E2FB /* CreateGoalViewController.swift */ = {isa = PBXFileReference; lastKnownFileType = sourcecode.swift; path = CreateGoalViewController.swift; sourceTree = "<group>"; };
		EFA3C0D92A544FE50067E2FB /* CreateGoalSection.swift */ = {isa = PBXFileReference; lastKnownFileType = sourcecode.swift; path = CreateGoalSection.swift; sourceTree = "<group>"; };
		EFA3C0DB2A5454A60067E2FB /* MainCreateGoal.swift */ = {isa = PBXFileReference; lastKnownFileType = sourcecode.swift; path = MainCreateGoal.swift; sourceTree = "<group>"; };
		EFD442A12A585B10005DB172 /* QuickActionsCollectionViewCell.swift */ = {isa = PBXFileReference; lastKnownFileType = sourcecode.swift; path = QuickActionsCollectionViewCell.swift; sourceTree = "<group>"; };
/* End PBXFileReference section */

/* Begin PBXFrameworksBuildPhase section */
		EF9684222A4DB52B0020D86C /* Frameworks */ = {
			isa = PBXFrameworksBuildPhase;
			buildActionMask = 2147483647;
			files = (
				EF31606F2A5DAAD4000BB17E /* FirebaseFunctions in Frameworks */,
				EF3160652A5DAAD4000BB17E /* FirebaseDatabaseSwift in Frameworks */,
				EF3160752A5DAAD4000BB17E /* FirebaseInAppMessagingSwift-Beta in Frameworks */,
				EF31607B2A5DAAD4000BB17E /* FirebaseMessaging in Frameworks */,
				EF31605B2A5DAAD4000BB17E /* FirebaseAppDistribution-Beta in Frameworks */,
				EF31605F2A5DAAD4000BB17E /* FirebaseAuthCombine-Community in Frameworks */,
				EF31606B2A5DAAD4000BB17E /* FirebaseFirestoreCombine-Community in Frameworks */,
				EF3160552A5DAAD4000BB17E /* FirebaseAnalyticsSwift in Frameworks */,
				EF3160792A5DAAD4000BB17E /* FirebaseMLModelDownloader in Frameworks */,
				EF31608E2A617316000BB17E /* GoogleSignIn in Frameworks */,
				EF3160572A5DAAD4000BB17E /* FirebaseAnalyticsWithoutAdIdSupport in Frameworks */,
				EF3160512A5DAAD4000BB17E /* FirebaseAnalytics in Frameworks */,
				EF31606D2A5DAAD4000BB17E /* FirebaseFirestoreSwift in Frameworks */,
				EF3160532A5DAAD4000BB17E /* FirebaseAnalyticsOnDeviceConversion in Frameworks */,
				EF3160592A5DAAD4000BB17E /* FirebaseAppCheck in Frameworks */,
				EF3160902A617316000BB17E /* GoogleSignInSwift in Frameworks */,
				EF31607D2A5DAAD4000BB17E /* FirebasePerformance in Frameworks */,
				EF3160732A5DAAD4000BB17E /* FirebaseInAppMessaging-Beta in Frameworks */,
				EF3160712A5DAAD4000BB17E /* FirebaseFunctionsCombine-Community in Frameworks */,
				EF3160612A5DAAD4000BB17E /* FirebaseCrashlytics in Frameworks */,
				EF3160772A5DAAD4000BB17E /* FirebaseInstallations in Frameworks */,
				EF31607F2A5DAAD4000BB17E /* FirebaseRemoteConfig in Frameworks */,
				EF3160832A5DAAD4000BB17E /* FirebaseStorage in Frameworks */,
				EF3160992A618C2D000BB17E /* SDWebImage in Frameworks */,
				EF3160632A5DAAD4000BB17E /* FirebaseDatabase in Frameworks */,
				EF3160852A5DAAD4000BB17E /* FirebaseStorageCombine-Community in Frameworks */,
				EF4C4D942A4F09FE00D06B56 /* DGCharts in Frameworks */,
				EF31605D2A5DAAD4000BB17E /* FirebaseAuth in Frameworks */,
				EF3160672A5DAAD4000BB17E /* FirebaseDynamicLinks in Frameworks */,
				EF3160692A5DAAD4000BB17E /* FirebaseFirestore in Frameworks */,
				EF3160812A5DAAD4000BB17E /* FirebaseRemoteConfigSwift in Frameworks */,
			);
			runOnlyForDeploymentPostprocessing = 0;
		};
/* End PBXFrameworksBuildPhase section */

/* Begin PBXGroup section */
		EF2D00A62A52F1CC0077400F /* GoalsDetailCompanents */ = {
			isa = PBXGroup;
			children = (
				EF2D00AC2A52F2FE0077400F /* SavingsGoals */,
				EF2D00AB2A52F2C30077400F /* SpendingGoals */,
			);
			path = GoalsDetailCompanents;
			sourceTree = "<group>";
		};
		EF2D00A72A52F1F20077400F /* SelectCell */ = {
			isa = PBXGroup;
			children = (
				EF4C4DD32A51E5B300D06B56 /* GoalsDetailChartsUIView.swift */,
				EF4C4DD52A51E60900D06B56 /* GoalsDetailUIView.swift */,
				EF4C4DD72A51E62000D06B56 /* GoalsMoneyBreakdownUIView.swift */,
				EF4C4DD92A51E64300D06B56 /* GoalsAutoDepositUIView.swift */,
			);
			path = SelectCell;
			sourceTree = "<group>";
		};
		EF2D00A82A52F2430077400F /* EditGoal */ = {
			isa = PBXGroup;
			children = (
				EF2D00AF2A52F61A0077400F /* EditSavingsGoalsDetailsUIView.swift */,
				EF2D00B12A52F6690077400F /* EditSavingsSelectAccountUIView.swift */,
				EF2D00B32A52F67B0077400F /* EditSavingMoneyBreakDownUIView.swift */,
				EF2D00B52A52F6A40077400F /* EditChartsUIView.swift */,
				EF2D00B72A52F6B40077400F /* EditTransferUIView.swift */,
			);
			path = EditGoal;
			sourceTree = "<group>";
		};
		EF2D00A92A52F2530077400F /* CreateGoal */ = {
			isa = PBXGroup;
			children = (
			);
			path = CreateGoal;
			sourceTree = "<group>";
		};
		EF2D00AA2A52F28E0077400F /* SelectCell */ = {
			isa = PBXGroup;
			children = (
			);
			path = SelectCell;
			sourceTree = "<group>";
		};
		EF2D00AB2A52F2C30077400F /* SpendingGoals */ = {
			isa = PBXGroup;
			children = (
				EF2D00AD2A52F32A0077400F /* EditGoal */,
				EF2D00A92A52F2530077400F /* CreateGoal */,
				EF2D00AA2A52F28E0077400F /* SelectCell */,
			);
			path = SpendingGoals;
			sourceTree = "<group>";
		};
		EF2D00AC2A52F2FE0077400F /* SavingsGoals */ = {
			isa = PBXGroup;
			children = (
				EF2D00AE2A52F3450077400F /* CreateGoal */,
				EF2D00A82A52F2430077400F /* EditGoal */,
				EF2D00A72A52F1F20077400F /* SelectCell */,
			);
			path = SavingsGoals;
			sourceTree = "<group>";
		};
		EF2D00AD2A52F32A0077400F /* EditGoal */ = {
			isa = PBXGroup;
			children = (
			);
			path = EditGoal;
			sourceTree = "<group>";
		};
		EF2D00AE2A52F3450077400F /* CreateGoal */ = {
			isa = PBXGroup;
			children = (
				EFA3C0DB2A5454A60067E2FB /* MainCreateGoal.swift */,
				EF2D00B92A52FA070077400F /* CreateGoalOne.swift */,
				EF2D00BB2A52FA110077400F /* CreateGoalTwo.swift */,
				EF2D00BD2A52FA1A0077400F /* CreateGoalThree.swift */,
			);
			path = CreateGoal;
			sourceTree = "<group>";
		};
		EF3160932A617714000BB17E /* Login */ = {
			isa = PBXGroup;
			children = (
				EF9684662A4DB71F0020D86C /* LoginViewController.swift */,
				EF3160942A617721000BB17E /* LoginViewModel.swift */,
			);
			path = Login;
			sourceTree = "<group>";
		};
		EF3160962A618082000BB17E /* Create */ = {
			isa = PBXGroup;
			children = (
				EF31608A2A617077000BB17E /* CreateUserViewController.swift */,
				EF3AB2222A6B1B5400AB4B3A /* CreateUserViewModel.swift */,
			);
			path = Create;
			sourceTree = "<group>";
		};
		EF3AB22C2A6C7F3000AB4B3A /* MainViewController */ = {
			isa = PBXGroup;
			children = (
				EF9684502A4DB69B0020D86C /* MainViewController.swift */,
				EF3AB22F2A6C7F7100AB4B3A /* MainViewModel.swift */,
				EF3AB2312A6C80FA00AB4B3A /* MainDataSource.swift */,
			);
			path = MainViewController;
			sourceTree = "<group>";
		};
		EF3AB22D2A6C7F4D00AB4B3A /* CommonUIView */ = {
			isa = PBXGroup;
			children = (
				EF38ABAD2A697A2C000DBE12 /* CommonUIView.swift */,
			);
			path = CommonUIView;
			sourceTree = "<group>";
		};
		EF3AB22E2A6C7F5E00AB4B3A /* SplashViewController */ = {
			isa = PBXGroup;
			children = (
				EF96844E2A4DB68E0020D86C /* SplashViewController.swift */,
			);
			path = SplashViewController;
			sourceTree = "<group>";
		};
		EF3AB2352A6C8D3200AB4B3A /* FirebaseManager */ = {
			isa = PBXGroup;
			children = (
				EF3AB2242A6B2E7800AB4B3A /* FirebaseStorageManager.swift */,
				EF3AB2262A6B31FE00AB4B3A /* FirebaseDatabaseManager.swift */,
				EF3AB22A2A6C755700AB4B3A /* FirebaseAccountManager.swift */,
			);
			path = FirebaseManager;
			sourceTree = "<group>";
		};
		EF3AB2362A6C8D5500AB4B3A /* UserObject */ = {
			isa = PBXGroup;
			children = (
				EF3AB2282A6B3E2000AB4B3A /* Users.swift */,
			);
			path = UserObject;
			sourceTree = "<group>";
		};
		EF3AB2372A6C8D6E00AB4B3A /* ChartsManager */ = {
			isa = PBXGroup;
			children = (
				EF4C4D8F2A4F094E00D06B56 /* ChartsManager.swift */,
			);
			path = ChartsManager;
			sourceTree = "<group>";
		};
		EF4C4D9B2A4F18A900D06B56 /* Manager */ = {
			isa = PBXGroup;
			children = (
				EF3AB2372A6C8D6E00AB4B3A /* ChartsManager */,
				EF3AB2362A6C8D5500AB4B3A /* UserObject */,
				EF3AB2352A6C8D3200AB4B3A /* FirebaseManager */,
			);
			path = Manager;
			sourceTree = "<group>";
		};
		EF4C4DA22A4F49E800D06B56 /* SpendAnalysisView */ = {
			isa = PBXGroup;
			children = (
				EF4C4DA32A4F4A8D00D06B56 /* DateUIView.swift */,
				EF4C4DA52A4F4A9700D06B56 /* DonutChartsUIView.swift */,
				EF4C4DA72A4F4AA400D06B56 /* CategoryListUIView.swift */,
			);
			path = SpendAnalysisView;
			sourceTree = "<group>";
		};
		EF4C4DAB2A4F598400D06B56 /* TransferView */ = {
			isa = PBXGroup;
			children = (
				EF4C4DAC2A4F59BA00D06B56 /* VerticalAccountTransfersUIView.swift */,
				EF4C4DAE2A4F59FC00D06B56 /* HorizontalAccountTransfersUIView.swift */,
				EF4C4DB02A4F5A0B00D06B56 /* RecentReicipientsTransferUIView.swift */,
			);
			path = TransferView;
			sourceTree = "<group>";
		};
		EF4C4DB42A4F65B300D06B56 /* PayBillsView */ = {
			isa = PBXGroup;
			children = (
				EF4C4DB52A4F66AB00D06B56 /* PayUView.swift */,
				EF4C4DB72A4F66B500D06B56 /* ActivityUIView.swift */,
			);
			path = PayBillsView;
			sourceTree = "<group>";
		};
		EF4C4DBB2A504C7200D06B56 /* RecipientsView */ = {
			isa = PBXGroup;
			children = (
				EF4C4DBC2A504D6100D06B56 /* PinnedReicipientsUIView.swift */,
				EF4C4DBE2A504ED100D06B56 /* RecentRecipientsUIView.swift */,
				EF4C4DC42A5050DD00D06B56 /* TransActionsUIView.swift */,
			);
			path = RecipientsView;
			sourceTree = "<group>";
		};
		EF4C4DC62A519FC700D06B56 /* ProfileView */ = {
			isa = PBXGroup;
			children = (
				EF4C4DC72A519FDC00D06B56 /* ProfileEditUIView.swift */,
				EF4C4DC92A51A60B00D06B56 /* MyInformationUIView.swift */,
				EF4C4DCB2A51A61900D06B56 /* MyAccountsUIView.swift */,
			);
			path = ProfileView;
			sourceTree = "<group>";
		};
		EF4C4DCD2A51E46800D06B56 /* MainUIViews */ = {
			isa = PBXGroup;
			children = (
				EF3AB22D2A6C7F4D00AB4B3A /* CommonUIView */,
				EF9684442A4DB6050020D86C /* MainGoalsUIView */,
				EF9684432A4DB6030020D86C /* MainDashboradUIView */,
				EF96844C2A4DB6400020D86C /* MainSettingsUIView */,
				EF96844B2A4DB63E0020D86C /* MainSupportUIView */,
				EF96844A2A4DB6340020D86C /* MainProfileUIView */,
				EF9684492A4DB6310020D86C /* MainRecipientsUIView */,
				EF9684482A4DB62E0020D86C /* MainDepositCheckUIView */,
				EF9684472A4DB61B0020D86C /* MainPayBillsUIView */,
				EF9684462A4DB6190020D86C /* MainTransferUIView */,
				EF9684452A4DB6080020D86C /* MainSpendAnalysisUIView */,
			);
			path = MainUIViews;
			sourceTree = "<group>";
		};
		EF4C4DCE2A51E48800D06B56 /* DetailsControllers */ = {
			isa = PBXGroup;
			children = (
				EF4C4DCF2A51E4EB00D06B56 /* GoalsDetailsViewController.swift */,
				EFA3C0D52A5445800067E2FB /* EditGoalViewController.swift */,
				EFA3C0D72A54458C0067E2FB /* CreateGoalViewController.swift */,
			);
			path = DetailsControllers;
			sourceTree = "<group>";
		};
		EF4C4DD12A51E50100D06B56 /* MainCompanents */ = {
			isa = PBXGroup;
			children = (
				EF9684752A4DB7C50020D86C /* GoalsView */,
				EF9684742A4DB7C20020D86C /* DashboardView */,
				EF4C4DC62A519FC700D06B56 /* ProfileView */,
				EF4C4DBB2A504C7200D06B56 /* RecipientsView */,
				EF4C4DB42A4F65B300D06B56 /* PayBillsView */,
				EF4C4DAB2A4F598400D06B56 /* TransferView */,
				EF4C4DA22A4F49E800D06B56 /* SpendAnalysisView */,
			);
			path = MainCompanents;
			sourceTree = "<group>";
		};
		EF4C4DD22A51E51100D06B56 /* DetailsCompanents */ = {
			isa = PBXGroup;
			children = (
				EF2D00A62A52F1CC0077400F /* GoalsDetailCompanents */,
			);
			path = DetailsCompanents;
			sourceTree = "<group>";
		};
		EF96841C2A4DB52B0020D86C = {
			isa = PBXGroup;
			children = (
				EF9684272A4DB52B0020D86C /* SpenderApp */,
				EF9684262A4DB52B0020D86C /* Products */,
			);
			sourceTree = "<group>";
		};
		EF9684262A4DB52B0020D86C /* Products */ = {
			isa = PBXGroup;
			children = (
				EF9684252A4DB52B0020D86C /* SpenderApp.app */,
			);
			name = Products;
			sourceTree = "<group>";
		};
		EF9684272A4DB52B0020D86C /* SpenderApp */ = {
			isa = PBXGroup;
			children = (
				EF96843D2A4DB5C70020D86C /* Controllers */,
				EF96843E2A4DB5CF0020D86C /* Cell */,
				EF96843F2A4DB5D40020D86C /* Companents */,
				EF4C4D9B2A4F18A900D06B56 /* Manager */,
				EF9684402A4DB5DD0020D86C /* Helpers */,
				EF96843C2A4DB5400020D86C /* Resources */,
				EF9684362A4DB52C0020D86C /* Info.plist */,
				EF3AB2332A6C85F500AB4B3A /* GoogleService-Info.plist */,
			);
			path = SpenderApp;
			sourceTree = "<group>";
		};
		EF96843C2A4DB5400020D86C /* Resources */ = {
			isa = PBXGroup;
			children = (
				EF9684282A4DB52B0020D86C /* AppDelegate.swift */,
				EF96842A2A4DB52B0020D86C /* SceneDelegate.swift */,
				EF9684312A4DB52C0020D86C /* Assets.xcassets */,
				EF9684332A4DB52C0020D86C /* LaunchScreen.storyboard */,
			);
			path = Resources;
			sourceTree = "<group>";
		};
		EF96843D2A4DB5C70020D86C /* Controllers */ = {
			isa = PBXGroup;
			children = (
				EF9684682A4DB72C0020D86C /* Controllers */,
				EF4C4DCD2A51E46800D06B56 /* MainUIViews */,
				EF4C4DCE2A51E48800D06B56 /* DetailsControllers */,
			);
			path = Controllers;
			sourceTree = "<group>";
		};
		EF96843E2A4DB5CF0020D86C /* Cell */ = {
			isa = PBXGroup;
			children = (
				EF9684712A4DB79A0020D86C /* TableViewCells */,
				EF9684722A4DB7A30020D86C /* CollectionViewCells */,
			);
			path = Cell;
			sourceTree = "<group>";
		};
		EF96843F2A4DB5D40020D86C /* Companents */ = {
			isa = PBXGroup;
			children = (
				EF9684732A4DB7BD0020D86C /* SideBar */,
				EF4C4DD12A51E50100D06B56 /* MainCompanents */,
				EF4C4DD22A51E51100D06B56 /* DetailsCompanents */,
			);
			path = Companents;
			sourceTree = "<group>";
		};
		EF9684402A4DB5DD0020D86C /* Helpers */ = {
			isa = PBXGroup;
			children = (
				EF9684422A4DB5F20020D86C /* Enums */,
				EF9684412A4DB5E70020D86C /* Extensions */,
			);
			path = Helpers;
			sourceTree = "<group>";
		};
		EF9684412A4DB5E70020D86C /* Extensions */ = {
			isa = PBXGroup;
			children = (
				EF9684862A4DB86A0020D86C /* Extension+CGFloat.swift */,
				EF9684882A4DB8720020D86C /* Extension+Textfield.swift */,
				EF96848A2A4DB87B0020D86C /* Extension+Cells.swift */,
				EF96848C2A4DB8870020D86C /* Extension+ViewController.swift */,
			);
			path = Extensions;
			sourceTree = "<group>";
		};
		EF9684422A4DB5F20020D86C /* Enums */ = {
			isa = PBXGroup;
			children = (
				EF9684842A4DB8570020D86C /* SideBarSection.swift */,
				EFA3C0D92A544FE50067E2FB /* CreateGoalSection.swift */,
			);
			path = Enums;
			sourceTree = "<group>";
		};
		EF9684432A4DB6030020D86C /* MainDashboradUIView */ = {
			isa = PBXGroup;
			children = (
				EF9684522A4DB6AC0020D86C /* MainDashboradUIView.swift */,
			);
			path = MainDashboradUIView;
			sourceTree = "<group>";
		};
		EF9684442A4DB6050020D86C /* MainGoalsUIView */ = {
			isa = PBXGroup;
			children = (
				EF9684542A4DB6B90020D86C /* MainGoalsUIView.swift */,
			);
			path = MainGoalsUIView;
			sourceTree = "<group>";
		};
		EF9684452A4DB6080020D86C /* MainSpendAnalysisUIView */ = {
			isa = PBXGroup;
			children = (
				EF9684562A4DB6C70020D86C /* MainSpendAnalysisUIView.swift */,
			);
			path = MainSpendAnalysisUIView;
			sourceTree = "<group>";
		};
		EF9684462A4DB6190020D86C /* MainTransferUIView */ = {
			isa = PBXGroup;
			children = (
				EF9684582A4DB6D40020D86C /* MainTransferUIView.swift */,
			);
			path = MainTransferUIView;
			sourceTree = "<group>";
		};
		EF9684472A4DB61B0020D86C /* MainPayBillsUIView */ = {
			isa = PBXGroup;
			children = (
				EF96845A2A4DB6E40020D86C /* MainPayBillsUIView.swift */,
			);
			path = MainPayBillsUIView;
			sourceTree = "<group>";
		};
		EF9684482A4DB62E0020D86C /* MainDepositCheckUIView */ = {
			isa = PBXGroup;
			children = (
				EF96845C2A4DB6ED0020D86C /* MainDepositCheckUIView.swift */,
			);
			path = MainDepositCheckUIView;
			sourceTree = "<group>";
		};
		EF9684492A4DB6310020D86C /* MainRecipientsUIView */ = {
			isa = PBXGroup;
			children = (
				EF96845E2A4DB6F70020D86C /* MainRecipientsUIView.swift */,
			);
			path = MainRecipientsUIView;
			sourceTree = "<group>";
		};
		EF96844A2A4DB6340020D86C /* MainProfileUIView */ = {
			isa = PBXGroup;
			children = (
				EF9684602A4DB7040020D86C /* MainProfileUIView.swift */,
			);
			path = MainProfileUIView;
			sourceTree = "<group>";
		};
		EF96844B2A4DB63E0020D86C /* MainSupportUIView */ = {
			isa = PBXGroup;
			children = (
				EF9684622A4DB70D0020D86C /* MainSupportUIView.swift */,
			);
			path = MainSupportUIView;
			sourceTree = "<group>";
		};
		EF96844C2A4DB6400020D86C /* MainSettingsUIView */ = {
			isa = PBXGroup;
			children = (
				EF9684642A4DB7160020D86C /* MainSettingsUIView.swift */,
			);
			path = MainSettingsUIView;
			sourceTree = "<group>";
		};
		EF96844D2A4DB6420020D86C /* LoginViewController */ = {
			isa = PBXGroup;
			children = (
				EF3160932A617714000BB17E /* Login */,
				EF3160962A618082000BB17E /* Create */,
			);
			path = LoginViewController;
			sourceTree = "<group>";
		};
		EF9684682A4DB72C0020D86C /* Controllers */ = {
			isa = PBXGroup;
			children = (
				EF3AB22E2A6C7F5E00AB4B3A /* SplashViewController */,
				EF3AB22C2A6C7F3000AB4B3A /* MainViewController */,
				EF96844D2A4DB6420020D86C /* LoginViewController */,
			);
			path = Controllers;
			sourceTree = "<group>";
		};
		EF9684712A4DB79A0020D86C /* TableViewCells */ = {
			isa = PBXGroup;
			children = (
				EF9684692A4DB7580020D86C /* SideBarTableViewCell.swift */,
			);
			path = TableViewCells;
			sourceTree = "<group>";
		};
		EF9684722A4DB7A30020D86C /* CollectionViewCells */ = {
			isa = PBXGroup;
			children = (
				EF96846B2A4DB76D0020D86C /* BankingCollectionViewCell.swift */,
				EF96846D2A4DB7790020D86C /* CreditUICollectionViewCell.swift */,
				EF96846F2A4DB78F0020D86C /* SavingsGoalsCollectionViewCell.swift */,
				EF4C4D9E2A4F1A7A00D06B56 /* SpendingGoalsCollectionViewCell.swift */,
				EF4C4DA92A4F4F0E00D06B56 /* CategoryCollectionViewCell.swift */,
				EF4C4DB22A4F630400D06B56 /* TransferCollectionViewCell.swift */,
				EF4C4DB92A4F677000D06B56 /* PayeesCollectionViewCell.swift */,
				EF4C4DC02A50502000D06B56 /* PinnedRecipientsCollectionViewCell.swift */,
				EF4C4DC22A5050A500D06B56 /* TransActionsCollectionViewCell.swift */,
				EFD442A12A585B10005DB172 /* QuickActionsCollectionViewCell.swift */,
			);
			path = CollectionViewCells;
			sourceTree = "<group>";
		};
		EF9684732A4DB7BD0020D86C /* SideBar */ = {
			isa = PBXGroup;
			children = (
				EF9684762A4DB7EC0020D86C /* SideBarUIView.swift */,
			);
			path = SideBar;
			sourceTree = "<group>";
		};
		EF9684742A4DB7C20020D86C /* DashboardView */ = {
			isa = PBXGroup;
			children = (
				EF9684782A4DB7FA0020D86C /* QuickActionsUIView.swift */,
				EF96847A2A4DB8050020D86C /* BankingUIView.swift */,
				EF96847C2A4DB80E0020D86C /* CreditUIView.swift */,
				EF96847E2A4DB81B0020D86C /* SavingsGoalsUIView.swift */,
			);
			path = DashboardView;
			sourceTree = "<group>";
		};
		EF9684752A4DB7C50020D86C /* GoalsView */ = {
			isa = PBXGroup;
			children = (
				EF9684802A4DB82D0020D86C /* PinnedGoalsUIView.swift */,
				EF9684822A4DB8350020D86C /* GoalsUIView.swift */,
				EF4C4DA02A4F1F7F00D06B56 /* TotalSpendUIView.swift */,
				EF4C4D9C2A4F19B700D06B56 /* ActiveGoalsUIView.swift */,
			);
			path = GoalsView;
			sourceTree = "<group>";
		};
/* End PBXGroup section */

/* Begin PBXNativeTarget section */
		EF9684242A4DB52B0020D86C /* SpenderApp */ = {
			isa = PBXNativeTarget;
			buildConfigurationList = EF9684392A4DB52C0020D86C /* Build configuration list for PBXNativeTarget "SpenderApp" */;
			buildPhases = (
				EF9684212A4DB52B0020D86C /* Sources */,
				EF9684222A4DB52B0020D86C /* Frameworks */,
				EF9684232A4DB52B0020D86C /* Resources */,
				EF4C4D9A2A4F0B5800D06B56 /* Embed Frameworks */,
			);
			buildRules = (
			);
			dependencies = (
			);
			name = SpenderApp;
			packageProductDependencies = (
				EF4C4D932A4F09FE00D06B56 /* DGCharts */,
				EF3160502A5DAAD4000BB17E /* FirebaseAnalytics */,
				EF3160522A5DAAD4000BB17E /* FirebaseAnalyticsOnDeviceConversion */,
				EF3160542A5DAAD4000BB17E /* FirebaseAnalyticsSwift */,
				EF3160562A5DAAD4000BB17E /* FirebaseAnalyticsWithoutAdIdSupport */,
				EF3160582A5DAAD4000BB17E /* FirebaseAppCheck */,
				EF31605A2A5DAAD4000BB17E /* FirebaseAppDistribution-Beta */,
				EF31605C2A5DAAD4000BB17E /* FirebaseAuth */,
				EF31605E2A5DAAD4000BB17E /* FirebaseAuthCombine-Community */,
				EF3160602A5DAAD4000BB17E /* FirebaseCrashlytics */,
				EF3160622A5DAAD4000BB17E /* FirebaseDatabase */,
				EF3160642A5DAAD4000BB17E /* FirebaseDatabaseSwift */,
				EF3160662A5DAAD4000BB17E /* FirebaseDynamicLinks */,
				EF3160682A5DAAD4000BB17E /* FirebaseFirestore */,
				EF31606A2A5DAAD4000BB17E /* FirebaseFirestoreCombine-Community */,
				EF31606C2A5DAAD4000BB17E /* FirebaseFirestoreSwift */,
				EF31606E2A5DAAD4000BB17E /* FirebaseFunctions */,
				EF3160702A5DAAD4000BB17E /* FirebaseFunctionsCombine-Community */,
				EF3160722A5DAAD4000BB17E /* FirebaseInAppMessaging-Beta */,
				EF3160742A5DAAD4000BB17E /* FirebaseInAppMessagingSwift-Beta */,
				EF3160762A5DAAD4000BB17E /* FirebaseInstallations */,
				EF3160782A5DAAD4000BB17E /* FirebaseMLModelDownloader */,
				EF31607A2A5DAAD4000BB17E /* FirebaseMessaging */,
				EF31607C2A5DAAD4000BB17E /* FirebasePerformance */,
				EF31607E2A5DAAD4000BB17E /* FirebaseRemoteConfig */,
				EF3160802A5DAAD4000BB17E /* FirebaseRemoteConfigSwift */,
				EF3160822A5DAAD4000BB17E /* FirebaseStorage */,
				EF3160842A5DAAD4000BB17E /* FirebaseStorageCombine-Community */,
				EF31608D2A617316000BB17E /* GoogleSignIn */,
				EF31608F2A617316000BB17E /* GoogleSignInSwift */,
				EF3160982A618C2D000BB17E /* SDWebImage */,
			);
			productName = SpenderApp;
			productReference = EF9684252A4DB52B0020D86C /* SpenderApp.app */;
			productType = "com.apple.product-type.application";
		};
/* End PBXNativeTarget section */

/* Begin PBXProject section */
		EF96841D2A4DB52B0020D86C /* Project object */ = {
			isa = PBXProject;
			attributes = {
				BuildIndependentTargetsInParallel = 1;
				LastSwiftUpdateCheck = 1430;
				LastUpgradeCheck = 1430;
				TargetAttributes = {
					EF9684242A4DB52B0020D86C = {
						CreatedOnToolsVersion = 14.3.1;
					};
				};
			};
			buildConfigurationList = EF9684202A4DB52B0020D86C /* Build configuration list for PBXProject "SpenderApp" */;
			compatibilityVersion = "Xcode 14.0";
			developmentRegion = en;
			hasScannedForEncodings = 0;
			knownRegions = (
				en,
				Base,
			);
			mainGroup = EF96841C2A4DB52B0020D86C;
			packageReferences = (
				EF4C4D922A4F09FE00D06B56 /* XCRemoteSwiftPackageReference "Charts" */,
				EF31604F2A5DAAD4000BB17E /* XCRemoteSwiftPackageReference "firebase-ios-sdk" */,
				EF31608C2A617316000BB17E /* XCRemoteSwiftPackageReference "GoogleSignIn-iOS" */,
				EF3160972A618C2D000BB17E /* XCRemoteSwiftPackageReference "SDWebImage" */,
			);
			productRefGroup = EF9684262A4DB52B0020D86C /* Products */;
			projectDirPath = "";
			projectRoot = "";
			targets = (
				EF9684242A4DB52B0020D86C /* SpenderApp */,
			);
		};
/* End PBXProject section */

/* Begin PBXResourcesBuildPhase section */
		EF9684232A4DB52B0020D86C /* Resources */ = {
			isa = PBXResourcesBuildPhase;
			buildActionMask = 2147483647;
			files = (
				EF9684352A4DB52C0020D86C /* LaunchScreen.storyboard in Resources */,
				EF9684322A4DB52C0020D86C /* Assets.xcassets in Resources */,
				EF3AB2342A6C85F500AB4B3A /* GoogleService-Info.plist in Resources */,
			);
			runOnlyForDeploymentPostprocessing = 0;
		};
/* End PBXResourcesBuildPhase section */

/* Begin PBXSourcesBuildPhase section */
		EF9684212A4DB52B0020D86C /* Sources */ = {
			isa = PBXSourcesBuildPhase;
			buildActionMask = 2147483647;
			files = (
				EF96844F2A4DB68E0020D86C /* SplashViewController.swift in Sources */,
				EF9684812A4DB82D0020D86C /* PinnedGoalsUIView.swift in Sources */,
				EF9684892A4DB8720020D86C /* Extension+Textfield.swift in Sources */,
				EF9684572A4DB6C70020D86C /* MainSpendAnalysisUIView.swift in Sources */,
				EF4C4DDA2A51E64300D06B56 /* GoalsAutoDepositUIView.swift in Sources */,
				EF4C4DA62A4F4A9700D06B56 /* DonutChartsUIView.swift in Sources */,
				EF96846A2A4DB7580020D86C /* SideBarTableViewCell.swift in Sources */,
				EF4C4DCA2A51A60B00D06B56 /* MyInformationUIView.swift in Sources */,
				EF4C4DD42A51E5B300D06B56 /* GoalsDetailChartsUIView.swift in Sources */,
				EF3AB2272A6B31FE00AB4B3A /* FirebaseDatabaseManager.swift in Sources */,
				EF4C4DAF2A4F59FC00D06B56 /* HorizontalAccountTransfersUIView.swift in Sources */,
				EF9684632A4DB70D0020D86C /* MainSupportUIView.swift in Sources */,
				EF2D00B22A52F6690077400F /* EditSavingsSelectAccountUIView.swift in Sources */,
				EF4C4D902A4F094E00D06B56 /* ChartsManager.swift in Sources */,
				EF9684672A4DB71F0020D86C /* LoginViewController.swift in Sources */,
				EF9684872A4DB86A0020D86C /* Extension+CGFloat.swift in Sources */,
				EF4C4DCC2A51A61900D06B56 /* MyAccountsUIView.swift in Sources */,
				EF4C4DC32A5050A500D06B56 /* TransActionsCollectionViewCell.swift in Sources */,
				EF96847B2A4DB8050020D86C /* BankingUIView.swift in Sources */,
				EF38ABAE2A697A2C000DBE12 /* CommonUIView.swift in Sources */,
				EF9684852A4DB8570020D86C /* SideBarSection.swift in Sources */,
				EF4C4D9D2A4F19B700D06B56 /* ActiveGoalsUIView.swift in Sources */,
				EFD442A22A585B10005DB172 /* QuickActionsCollectionViewCell.swift in Sources */,
				EF4C4DAD2A4F59BA00D06B56 /* VerticalAccountTransfersUIView.swift in Sources */,
				EF4C4DC12A50502000D06B56 /* PinnedRecipientsCollectionViewCell.swift in Sources */,
				EF9684292A4DB52B0020D86C /* AppDelegate.swift in Sources */,
				EF96845F2A4DB6F70020D86C /* MainRecipientsUIView.swift in Sources */,
				EF4C4DBD2A504D6100D06B56 /* PinnedReicipientsUIView.swift in Sources */,
				EF9684792A4DB7FA0020D86C /* QuickActionsUIView.swift in Sources */,
				EF4C4DA12A4F1F7F00D06B56 /* TotalSpendUIView.swift in Sources */,
				EFA3C0D62A5445800067E2FB /* EditGoalViewController.swift in Sources */,
				EF2D00B42A52F67B0077400F /* EditSavingMoneyBreakDownUIView.swift in Sources */,
				EF4C4DD02A51E4EB00D06B56 /* GoalsDetailsViewController.swift in Sources */,
				EF9684592A4DB6D40020D86C /* MainTransferUIView.swift in Sources */,
				EF4C4DD62A51E60900D06B56 /* GoalsDetailUIView.swift in Sources */,
				EF96845D2A4DB6ED0020D86C /* MainDepositCheckUIView.swift in Sources */,
				EF2D00BE2A52FA1A0077400F /* CreateGoalThree.swift in Sources */,
				EF3AB22B2A6C755700AB4B3A /* FirebaseAccountManager.swift in Sources */,
				EF3AB2302A6C7F7100AB4B3A /* MainViewModel.swift in Sources */,
				EF4C4DAA2A4F4F0F00D06B56 /* CategoryCollectionViewCell.swift in Sources */,
				EF2D00B62A52F6A40077400F /* EditChartsUIView.swift in Sources */,
				EF3AB2232A6B1B5400AB4B3A /* CreateUserViewModel.swift in Sources */,
				EF4C4DBF2A504ED100D06B56 /* RecentRecipientsUIView.swift in Sources */,
				EF3160952A617721000BB17E /* LoginViewModel.swift in Sources */,
				EF9684612A4DB7040020D86C /* MainProfileUIView.swift in Sources */,
				EF31608B2A617077000BB17E /* CreateUserViewController.swift in Sources */,
				EF4C4DD82A51E62000D06B56 /* GoalsMoneyBreakdownUIView.swift in Sources */,
				EF96848D2A4DB8870020D86C /* Extension+ViewController.swift in Sources */,
				EF96842B2A4DB52B0020D86C /* SceneDelegate.swift in Sources */,
				EF96847F2A4DB81B0020D86C /* SavingsGoalsUIView.swift in Sources */,
				EF9684652A4DB7160020D86C /* MainSettingsUIView.swift in Sources */,
				EF3AB2322A6C80FA00AB4B3A /* MainDataSource.swift in Sources */,
				EF2D00BA2A52FA070077400F /* CreateGoalOne.swift in Sources */,
				EF96846E2A4DB7790020D86C /* CreditUICollectionViewCell.swift in Sources */,
				EF9684512A4DB69B0020D86C /* MainViewController.swift in Sources */,
				EF96847D2A4DB80E0020D86C /* CreditUIView.swift in Sources */,
				EF96846C2A4DB76E0020D86C /* BankingCollectionViewCell.swift in Sources */,
				EF4C4DBA2A4F677000D06B56 /* PayeesCollectionViewCell.swift in Sources */,
				EF4C4DB82A4F66B500D06B56 /* ActivityUIView.swift in Sources */,
				EF9684702A4DB78F0020D86C /* SavingsGoalsCollectionViewCell.swift in Sources */,
				EF2D00B02A52F61A0077400F /* EditSavingsGoalsDetailsUIView.swift in Sources */,
				EFA3C0DA2A544FE50067E2FB /* CreateGoalSection.swift in Sources */,
				EF4C4DC82A519FDC00D06B56 /* ProfileEditUIView.swift in Sources */,
				EF96845B2A4DB6E40020D86C /* MainPayBillsUIView.swift in Sources */,
				EF9684772A4DB7EC0020D86C /* SideBarUIView.swift in Sources */,
				EF4C4DA42A4F4A8D00D06B56 /* DateUIView.swift in Sources */,
				EF9684532A4DB6AC0020D86C /* MainDashboradUIView.swift in Sources */,
				EF9684552A4DB6B90020D86C /* MainGoalsUIView.swift in Sources */,
				EFA3C0D82A54458C0067E2FB /* CreateGoalViewController.swift in Sources */,
				EF2D00B82A52F6B40077400F /* EditTransferUIView.swift in Sources */,
				EF4C4DA82A4F4AA400D06B56 /* CategoryListUIView.swift in Sources */,
				EF9684832A4DB8350020D86C /* GoalsUIView.swift in Sources */,
				EF96848B2A4DB87B0020D86C /* Extension+Cells.swift in Sources */,
				EF3AB2252A6B2E7800AB4B3A /* FirebaseStorageManager.swift in Sources */,
				EF3AB2292A6B3E2000AB4B3A /* Users.swift in Sources */,
				EFA3C0DC2A5454A60067E2FB /* MainCreateGoal.swift in Sources */,
				EF4C4D9F2A4F1A7A00D06B56 /* SpendingGoalsCollectionViewCell.swift in Sources */,
				EF4C4DB32A4F630400D06B56 /* TransferCollectionViewCell.swift in Sources */,
				EF4C4DC52A5050DD00D06B56 /* TransActionsUIView.swift in Sources */,
				EF4C4DB12A4F5A0B00D06B56 /* RecentReicipientsTransferUIView.swift in Sources */,
				EF4C4DB62A4F66AB00D06B56 /* PayUView.swift in Sources */,
				EF2D00BC2A52FA110077400F /* CreateGoalTwo.swift in Sources */,
			);
			runOnlyForDeploymentPostprocessing = 0;
		};
/* End PBXSourcesBuildPhase section */

/* Begin PBXVariantGroup section */
		EF9684332A4DB52C0020D86C /* LaunchScreen.storyboard */ = {
			isa = PBXVariantGroup;
			children = (
				EF9684342A4DB52C0020D86C /* Base */,
			);
			name = LaunchScreen.storyboard;
			sourceTree = "<group>";
		};
/* End PBXVariantGroup section */

/* Begin XCBuildConfiguration section */
		EF9684372A4DB52C0020D86C /* Debug */ = {
			isa = XCBuildConfiguration;
			buildSettings = {
				ALWAYS_SEARCH_USER_PATHS = NO;
				CLANG_ANALYZER_NONNULL = YES;
				CLANG_ANALYZER_NUMBER_OBJECT_CONVERSION = YES_AGGRESSIVE;
				CLANG_CXX_LANGUAGE_STANDARD = "gnu++20";
				CLANG_ENABLE_MODULES = YES;
				CLANG_ENABLE_OBJC_ARC = YES;
				CLANG_ENABLE_OBJC_WEAK = YES;
				CLANG_WARN_BLOCK_CAPTURE_AUTORELEASING = YES;
				CLANG_WARN_BOOL_CONVERSION = YES;
				CLANG_WARN_COMMA = YES;
				CLANG_WARN_CONSTANT_CONVERSION = YES;
				CLANG_WARN_DEPRECATED_OBJC_IMPLEMENTATIONS = YES;
				CLANG_WARN_DIRECT_OBJC_ISA_USAGE = YES_ERROR;
				CLANG_WARN_DOCUMENTATION_COMMENTS = YES;
				CLANG_WARN_EMPTY_BODY = YES;
				CLANG_WARN_ENUM_CONVERSION = YES;
				CLANG_WARN_INFINITE_RECURSION = YES;
				CLANG_WARN_INT_CONVERSION = YES;
				CLANG_WARN_NON_LITERAL_NULL_CONVERSION = YES;
				CLANG_WARN_OBJC_IMPLICIT_RETAIN_SELF = YES;
				CLANG_WARN_OBJC_LITERAL_CONVERSION = YES;
				CLANG_WARN_OBJC_ROOT_CLASS = YES_ERROR;
				CLANG_WARN_QUOTED_INCLUDE_IN_FRAMEWORK_HEADER = YES;
				CLANG_WARN_RANGE_LOOP_ANALYSIS = YES;
				CLANG_WARN_STRICT_PROTOTYPES = YES;
				CLANG_WARN_SUSPICIOUS_MOVE = YES;
				CLANG_WARN_UNGUARDED_AVAILABILITY = YES_AGGRESSIVE;
				CLANG_WARN_UNREACHABLE_CODE = YES;
				CLANG_WARN__DUPLICATE_METHOD_MATCH = YES;
				COPY_PHASE_STRIP = NO;
				DEBUG_INFORMATION_FORMAT = dwarf;
				ENABLE_STRICT_OBJC_MSGSEND = YES;
				ENABLE_TESTABILITY = YES;
				GCC_C_LANGUAGE_STANDARD = gnu11;
				GCC_DYNAMIC_NO_PIC = NO;
				GCC_NO_COMMON_BLOCKS = YES;
				GCC_OPTIMIZATION_LEVEL = 0;
				GCC_PREPROCESSOR_DEFINITIONS = (
					"DEBUG=1",
					"$(inherited)",
				);
				GCC_WARN_64_TO_32_BIT_CONVERSION = YES;
				GCC_WARN_ABOUT_RETURN_TYPE = YES_ERROR;
				GCC_WARN_UNDECLARED_SELECTOR = YES;
				GCC_WARN_UNINITIALIZED_AUTOS = YES_AGGRESSIVE;
				GCC_WARN_UNUSED_FUNCTION = YES;
				GCC_WARN_UNUSED_VARIABLE = YES;
				IPHONEOS_DEPLOYMENT_TARGET = 16.4;
				MTL_ENABLE_DEBUG_INFO = INCLUDE_SOURCE;
				MTL_FAST_MATH = YES;
				ONLY_ACTIVE_ARCH = YES;
				SDKROOT = iphoneos;
				SWIFT_ACTIVE_COMPILATION_CONDITIONS = DEBUG;
				SWIFT_OPTIMIZATION_LEVEL = "-Onone";
			};
			name = Debug;
		};
		EF9684382A4DB52C0020D86C /* Release */ = {
			isa = XCBuildConfiguration;
			buildSettings = {
				ALWAYS_SEARCH_USER_PATHS = NO;
				CLANG_ANALYZER_NONNULL = YES;
				CLANG_ANALYZER_NUMBER_OBJECT_CONVERSION = YES_AGGRESSIVE;
				CLANG_CXX_LANGUAGE_STANDARD = "gnu++20";
				CLANG_ENABLE_MODULES = YES;
				CLANG_ENABLE_OBJC_ARC = YES;
				CLANG_ENABLE_OBJC_WEAK = YES;
				CLANG_WARN_BLOCK_CAPTURE_AUTORELEASING = YES;
				CLANG_WARN_BOOL_CONVERSION = YES;
				CLANG_WARN_COMMA = YES;
				CLANG_WARN_CONSTANT_CONVERSION = YES;
				CLANG_WARN_DEPRECATED_OBJC_IMPLEMENTATIONS = YES;
				CLANG_WARN_DIRECT_OBJC_ISA_USAGE = YES_ERROR;
				CLANG_WARN_DOCUMENTATION_COMMENTS = YES;
				CLANG_WARN_EMPTY_BODY = YES;
				CLANG_WARN_ENUM_CONVERSION = YES;
				CLANG_WARN_INFINITE_RECURSION = YES;
				CLANG_WARN_INT_CONVERSION = YES;
				CLANG_WARN_NON_LITERAL_NULL_CONVERSION = YES;
				CLANG_WARN_OBJC_IMPLICIT_RETAIN_SELF = YES;
				CLANG_WARN_OBJC_LITERAL_CONVERSION = YES;
				CLANG_WARN_OBJC_ROOT_CLASS = YES_ERROR;
				CLANG_WARN_QUOTED_INCLUDE_IN_FRAMEWORK_HEADER = YES;
				CLANG_WARN_RANGE_LOOP_ANALYSIS = YES;
				CLANG_WARN_STRICT_PROTOTYPES = YES;
				CLANG_WARN_SUSPICIOUS_MOVE = YES;
				CLANG_WARN_UNGUARDED_AVAILABILITY = YES_AGGRESSIVE;
				CLANG_WARN_UNREACHABLE_CODE = YES;
				CLANG_WARN__DUPLICATE_METHOD_MATCH = YES;
				COPY_PHASE_STRIP = NO;
				DEBUG_INFORMATION_FORMAT = "dwarf-with-dsym";
				ENABLE_NS_ASSERTIONS = NO;
				ENABLE_STRICT_OBJC_MSGSEND = YES;
				GCC_C_LANGUAGE_STANDARD = gnu11;
				GCC_NO_COMMON_BLOCKS = YES;
				GCC_WARN_64_TO_32_BIT_CONVERSION = YES;
				GCC_WARN_ABOUT_RETURN_TYPE = YES_ERROR;
				GCC_WARN_UNDECLARED_SELECTOR = YES;
				GCC_WARN_UNINITIALIZED_AUTOS = YES_AGGRESSIVE;
				GCC_WARN_UNUSED_FUNCTION = YES;
				GCC_WARN_UNUSED_VARIABLE = YES;
				IPHONEOS_DEPLOYMENT_TARGET = 16.4;
				MTL_ENABLE_DEBUG_INFO = NO;
				MTL_FAST_MATH = YES;
				SDKROOT = iphoneos;
				SWIFT_COMPILATION_MODE = wholemodule;
				SWIFT_OPTIMIZATION_LEVEL = "-O";
				VALIDATE_PRODUCT = YES;
			};
			name = Release;
		};
		EF96843A2A4DB52C0020D86C /* Debug */ = {
			isa = XCBuildConfiguration;
			buildSettings = {
				ASSETCATALOG_COMPILER_APPICON_NAME = AppIcon;
				ASSETCATALOG_COMPILER_GLOBAL_ACCENT_COLOR_NAME = AccentColor;
				CODE_SIGN_STYLE = Automatic;
				CURRENT_PROJECT_VERSION = 1;
				DEVELOPMENT_TEAM = 75RG469FX3;
				GENERATE_INFOPLIST_FILE = YES;
				INFOPLIST_FILE = SpenderApp/Info.plist;
				INFOPLIST_KEY_UIApplicationSupportsIndirectInputEvents = YES;
				INFOPLIST_KEY_UILaunchStoryboardName = LaunchScreen;
				INFOPLIST_KEY_UISupportedInterfaceOrientations_iPad = "UIInterfaceOrientationPortrait UIInterfaceOrientationPortraitUpsideDown UIInterfaceOrientationLandscapeLeft UIInterfaceOrientationLandscapeRight";
				INFOPLIST_KEY_UISupportedInterfaceOrientations_iPhone = "UIInterfaceOrientationPortrait UIInterfaceOrientationLandscapeLeft UIInterfaceOrientationLandscapeRight";
				IPHONEOS_DEPLOYMENT_TARGET = 15.0;
				LD_RUNPATH_SEARCH_PATHS = (
					"$(inherited)",
					"@executable_path/Frameworks",
				);
				MARKETING_VERSION = 1.0;
				PRODUCT_BUNDLE_IDENTIFIER = com.HalilBkar.SpenderApp;
				PRODUCT_NAME = "$(TARGET_NAME)";
				SWIFT_EMIT_LOC_STRINGS = YES;
				SWIFT_VERSION = 5.0;
				TARGETED_DEVICE_FAMILY = "1,2";
			};
			name = Debug;
		};
		EF96843B2A4DB52C0020D86C /* Release */ = {
			isa = XCBuildConfiguration;
			buildSettings = {
				ASSETCATALOG_COMPILER_APPICON_NAME = AppIcon;
				ASSETCATALOG_COMPILER_GLOBAL_ACCENT_COLOR_NAME = AccentColor;
				CODE_SIGN_STYLE = Automatic;
				CURRENT_PROJECT_VERSION = 1;
				DEVELOPMENT_TEAM = 75RG469FX3;
				GENERATE_INFOPLIST_FILE = YES;
				INFOPLIST_FILE = SpenderApp/Info.plist;
				INFOPLIST_KEY_UIApplicationSupportsIndirectInputEvents = YES;
				INFOPLIST_KEY_UILaunchStoryboardName = LaunchScreen;
				INFOPLIST_KEY_UISupportedInterfaceOrientations_iPad = "UIInterfaceOrientationPortrait UIInterfaceOrientationPortraitUpsideDown UIInterfaceOrientationLandscapeLeft UIInterfaceOrientationLandscapeRight";
				INFOPLIST_KEY_UISupportedInterfaceOrientations_iPhone = "UIInterfaceOrientationPortrait UIInterfaceOrientationLandscapeLeft UIInterfaceOrientationLandscapeRight";
				IPHONEOS_DEPLOYMENT_TARGET = 15.0;
				LD_RUNPATH_SEARCH_PATHS = (
					"$(inherited)",
					"@executable_path/Frameworks",
				);
				MARKETING_VERSION = 1.0;
				PRODUCT_BUNDLE_IDENTIFIER = com.HalilBkar.SpenderApp;
				PRODUCT_NAME = "$(TARGET_NAME)";
				SWIFT_EMIT_LOC_STRINGS = YES;
				SWIFT_VERSION = 5.0;
				TARGETED_DEVICE_FAMILY = "1,2";
			};
			name = Release;
		};
/* End XCBuildConfiguration section */

/* Begin XCConfigurationList section */
		EF9684202A4DB52B0020D86C /* Build configuration list for PBXProject "SpenderApp" */ = {
			isa = XCConfigurationList;
			buildConfigurations = (
				EF9684372A4DB52C0020D86C /* Debug */,
				EF9684382A4DB52C0020D86C /* Release */,
			);
			defaultConfigurationIsVisible = 0;
			defaultConfigurationName = Release;
		};
		EF9684392A4DB52C0020D86C /* Build configuration list for PBXNativeTarget "SpenderApp" */ = {
			isa = XCConfigurationList;
			buildConfigurations = (
				EF96843A2A4DB52C0020D86C /* Debug */,
				EF96843B2A4DB52C0020D86C /* Release */,
			);
			defaultConfigurationIsVisible = 0;
			defaultConfigurationName = Release;
		};
/* End XCConfigurationList section */

/* Begin XCRemoteSwiftPackageReference section */
		EF31604F2A5DAAD4000BB17E /* XCRemoteSwiftPackageReference "firebase-ios-sdk" */ = {
			isa = XCRemoteSwiftPackageReference;
			repositoryURL = "https://github.com/firebase/firebase-ios-sdk.git";
			requirement = {
				kind = upToNextMajorVersion;
				minimumVersion = 10.0.0;
			};
		};
		EF31608C2A617316000BB17E /* XCRemoteSwiftPackageReference "GoogleSignIn-iOS" */ = {
			isa = XCRemoteSwiftPackageReference;
			repositoryURL = "https://github.com/google/GoogleSignIn-iOS";
			requirement = {
				kind = upToNextMajorVersion;
				minimumVersion = 7.0.0;
			};
		};
		EF3160972A618C2D000BB17E /* XCRemoteSwiftPackageReference "SDWebImage" */ = {
			isa = XCRemoteSwiftPackageReference;
			repositoryURL = "https://github.com/SDWebImage/SDWebImage.git";
			requirement = {
				kind = upToNextMajorVersion;
				minimumVersion = 5.0.0;
			};
		};
		EF4C4D922A4F09FE00D06B56 /* XCRemoteSwiftPackageReference "Charts" */ = {
			isa = XCRemoteSwiftPackageReference;
			repositoryURL = "https://github.com/danielgindi/Charts.git";
			requirement = {
				kind = upToNextMajorVersion;
				minimumVersion = 5.0.0;
			};
		};
/* End XCRemoteSwiftPackageReference section */

/* Begin XCSwiftPackageProductDependency section */
		EF3160502A5DAAD4000BB17E /* FirebaseAnalytics */ = {
			isa = XCSwiftPackageProductDependency;
			package = EF31604F2A5DAAD4000BB17E /* XCRemoteSwiftPackageReference "firebase-ios-sdk" */;
			productName = FirebaseAnalytics;
		};
		EF3160522A5DAAD4000BB17E /* FirebaseAnalyticsOnDeviceConversion */ = {
			isa = XCSwiftPackageProductDependency;
			package = EF31604F2A5DAAD4000BB17E /* XCRemoteSwiftPackageReference "firebase-ios-sdk" */;
			productName = FirebaseAnalyticsOnDeviceConversion;
		};
		EF3160542A5DAAD4000BB17E /* FirebaseAnalyticsSwift */ = {
			isa = XCSwiftPackageProductDependency;
			package = EF31604F2A5DAAD4000BB17E /* XCRemoteSwiftPackageReference "firebase-ios-sdk" */;
			productName = FirebaseAnalyticsSwift;
		};
		EF3160562A5DAAD4000BB17E /* FirebaseAnalyticsWithoutAdIdSupport */ = {
			isa = XCSwiftPackageProductDependency;
			package = EF31604F2A5DAAD4000BB17E /* XCRemoteSwiftPackageReference "firebase-ios-sdk" */;
			productName = FirebaseAnalyticsWithoutAdIdSupport;
		};
		EF3160582A5DAAD4000BB17E /* FirebaseAppCheck */ = {
			isa = XCSwiftPackageProductDependency;
			package = EF31604F2A5DAAD4000BB17E /* XCRemoteSwiftPackageReference "firebase-ios-sdk" */;
			productName = FirebaseAppCheck;
		};
		EF31605A2A5DAAD4000BB17E /* FirebaseAppDistribution-Beta */ = {
			isa = XCSwiftPackageProductDependency;
			package = EF31604F2A5DAAD4000BB17E /* XCRemoteSwiftPackageReference "firebase-ios-sdk" */;
			productName = "FirebaseAppDistribution-Beta";
		};
		EF31605C2A5DAAD4000BB17E /* FirebaseAuth */ = {
			isa = XCSwiftPackageProductDependency;
			package = EF31604F2A5DAAD4000BB17E /* XCRemoteSwiftPackageReference "firebase-ios-sdk" */;
			productName = FirebaseAuth;
		};
		EF31605E2A5DAAD4000BB17E /* FirebaseAuthCombine-Community */ = {
			isa = XCSwiftPackageProductDependency;
			package = EF31604F2A5DAAD4000BB17E /* XCRemoteSwiftPackageReference "firebase-ios-sdk" */;
			productName = "FirebaseAuthCombine-Community";
		};
		EF3160602A5DAAD4000BB17E /* FirebaseCrashlytics */ = {
			isa = XCSwiftPackageProductDependency;
			package = EF31604F2A5DAAD4000BB17E /* XCRemoteSwiftPackageReference "firebase-ios-sdk" */;
			productName = FirebaseCrashlytics;
		};
		EF3160622A5DAAD4000BB17E /* FirebaseDatabase */ = {
			isa = XCSwiftPackageProductDependency;
			package = EF31604F2A5DAAD4000BB17E /* XCRemoteSwiftPackageReference "firebase-ios-sdk" */;
			productName = FirebaseDatabase;
		};
		EF3160642A5DAAD4000BB17E /* FirebaseDatabaseSwift */ = {
			isa = XCSwiftPackageProductDependency;
			package = EF31604F2A5DAAD4000BB17E /* XCRemoteSwiftPackageReference "firebase-ios-sdk" */;
			productName = FirebaseDatabaseSwift;
		};
		EF3160662A5DAAD4000BB17E /* FirebaseDynamicLinks */ = {
			isa = XCSwiftPackageProductDependency;
			package = EF31604F2A5DAAD4000BB17E /* XCRemoteSwiftPackageReference "firebase-ios-sdk" */;
			productName = FirebaseDynamicLinks;
		};
		EF3160682A5DAAD4000BB17E /* FirebaseFirestore */ = {
			isa = XCSwiftPackageProductDependency;
			package = EF31604F2A5DAAD4000BB17E /* XCRemoteSwiftPackageReference "firebase-ios-sdk" */;
			productName = FirebaseFirestore;
		};
		EF31606A2A5DAAD4000BB17E /* FirebaseFirestoreCombine-Community */ = {
			isa = XCSwiftPackageProductDependency;
			package = EF31604F2A5DAAD4000BB17E /* XCRemoteSwiftPackageReference "firebase-ios-sdk" */;
			productName = "FirebaseFirestoreCombine-Community";
		};
		EF31606C2A5DAAD4000BB17E /* FirebaseFirestoreSwift */ = {
			isa = XCSwiftPackageProductDependency;
			package = EF31604F2A5DAAD4000BB17E /* XCRemoteSwiftPackageReference "firebase-ios-sdk" */;
			productName = FirebaseFirestoreSwift;
		};
		EF31606E2A5DAAD4000BB17E /* FirebaseFunctions */ = {
			isa = XCSwiftPackageProductDependency;
			package = EF31604F2A5DAAD4000BB17E /* XCRemoteSwiftPackageReference "firebase-ios-sdk" */;
			productName = FirebaseFunctions;
		};
		EF3160702A5DAAD4000BB17E /* FirebaseFunctionsCombine-Community */ = {
			isa = XCSwiftPackageProductDependency;
			package = EF31604F2A5DAAD4000BB17E /* XCRemoteSwiftPackageReference "firebase-ios-sdk" */;
			productName = "FirebaseFunctionsCombine-Community";
		};
		EF3160722A5DAAD4000BB17E /* FirebaseInAppMessaging-Beta */ = {
			isa = XCSwiftPackageProductDependency;
			package = EF31604F2A5DAAD4000BB17E /* XCRemoteSwiftPackageReference "firebase-ios-sdk" */;
			productName = "FirebaseInAppMessaging-Beta";
		};
		EF3160742A5DAAD4000BB17E /* FirebaseInAppMessagingSwift-Beta */ = {
			isa = XCSwiftPackageProductDependency;
			package = EF31604F2A5DAAD4000BB17E /* XCRemoteSwiftPackageReference "firebase-ios-sdk" */;
			productName = "FirebaseInAppMessagingSwift-Beta";
		};
		EF3160762A5DAAD4000BB17E /* FirebaseInstallations */ = {
			isa = XCSwiftPackageProductDependency;
			package = EF31604F2A5DAAD4000BB17E /* XCRemoteSwiftPackageReference "firebase-ios-sdk" */;
			productName = FirebaseInstallations;
		};
		EF3160782A5DAAD4000BB17E /* FirebaseMLModelDownloader */ = {
			isa = XCSwiftPackageProductDependency;
			package = EF31604F2A5DAAD4000BB17E /* XCRemoteSwiftPackageReference "firebase-ios-sdk" */;
			productName = FirebaseMLModelDownloader;
		};
		EF31607A2A5DAAD4000BB17E /* FirebaseMessaging */ = {
			isa = XCSwiftPackageProductDependency;
			package = EF31604F2A5DAAD4000BB17E /* XCRemoteSwiftPackageReference "firebase-ios-sdk" */;
			productName = FirebaseMessaging;
		};
		EF31607C2A5DAAD4000BB17E /* FirebasePerformance */ = {
			isa = XCSwiftPackageProductDependency;
			package = EF31604F2A5DAAD4000BB17E /* XCRemoteSwiftPackageReference "firebase-ios-sdk" */;
			productName = FirebasePerformance;
		};
		EF31607E2A5DAAD4000BB17E /* FirebaseRemoteConfig */ = {
			isa = XCSwiftPackageProductDependency;
			package = EF31604F2A5DAAD4000BB17E /* XCRemoteSwiftPackageReference "firebase-ios-sdk" */;
			productName = FirebaseRemoteConfig;
		};
		EF3160802A5DAAD4000BB17E /* FirebaseRemoteConfigSwift */ = {
			isa = XCSwiftPackageProductDependency;
			package = EF31604F2A5DAAD4000BB17E /* XCRemoteSwiftPackageReference "firebase-ios-sdk" */;
			productName = FirebaseRemoteConfigSwift;
		};
		EF3160822A5DAAD4000BB17E /* FirebaseStorage */ = {
			isa = XCSwiftPackageProductDependency;
			package = EF31604F2A5DAAD4000BB17E /* XCRemoteSwiftPackageReference "firebase-ios-sdk" */;
			productName = FirebaseStorage;
		};
		EF3160842A5DAAD4000BB17E /* FirebaseStorageCombine-Community */ = {
			isa = XCSwiftPackageProductDependency;
			package = EF31604F2A5DAAD4000BB17E /* XCRemoteSwiftPackageReference "firebase-ios-sdk" */;
			productName = "FirebaseStorageCombine-Community";
		};
		EF31608D2A617316000BB17E /* GoogleSignIn */ = {
			isa = XCSwiftPackageProductDependency;
			package = EF31608C2A617316000BB17E /* XCRemoteSwiftPackageReference "GoogleSignIn-iOS" */;
			productName = GoogleSignIn;
		};
		EF31608F2A617316000BB17E /* GoogleSignInSwift */ = {
			isa = XCSwiftPackageProductDependency;
			package = EF31608C2A617316000BB17E /* XCRemoteSwiftPackageReference "GoogleSignIn-iOS" */;
			productName = GoogleSignInSwift;
		};
		EF3160982A618C2D000BB17E /* SDWebImage */ = {
			isa = XCSwiftPackageProductDependency;
			package = EF3160972A618C2D000BB17E /* XCRemoteSwiftPackageReference "SDWebImage" */;
			productName = SDWebImage;
		};
		EF4C4D932A4F09FE00D06B56 /* DGCharts */ = {
			isa = XCSwiftPackageProductDependency;
			package = EF4C4D922A4F09FE00D06B56 /* XCRemoteSwiftPackageReference "Charts" */;
			productName = DGCharts;
		};
/* End XCSwiftPackageProductDependency section */
	};
	rootObject = EF96841D2A4DB52B0020D86C /* Project object */;
}
